// !$*UTF8*$!
{
	archiveVersion = 1;
	classes = {
	};
	objectVersion = 50;
	objects = {

/* Begin PBXBuildFile section */
		426B359024DD4DF200F7CC4A /* AppDelegate.swift in Sources */ = {isa = PBXBuildFile; fileRef = 42B23B1324DC18B700578ED5 /* AppDelegate.swift */; };
		426B359124DD4E3E00F7CC4A /* SceneDelegate.swift in Sources */ = {isa = PBXBuildFile; fileRef = 42B23B1C24DC18B700578ED5 /* SceneDelegate.swift */; };
		426B359224DD4E6700F7CC4A /* Color Presets.swift in Sources */ = {isa = PBXBuildFile; fileRef = 42B23A6E24DC18B700578ED5 /* Color Presets.swift */; };
		426B359324DD4E6700F7CC4A /* AddModuleVM.swift in Sources */ = {isa = PBXBuildFile; fileRef = 42B5312524DCC6E6002C7F46 /* AddModuleVM.swift */; };
		426B359424DD4E6700F7CC4A /* AddModule.swift in Sources */ = {isa = PBXBuildFile; fileRef = 42B23BA924DC26B100578ED5 /* AddModule.swift */; };
		426B359524DD4E6700F7CC4A /* SearchModuleView.swift in Sources */ = {isa = PBXBuildFile; fileRef = 42B23A7124DC18B700578ED5 /* SearchModuleView.swift */; };
		426B359624DD4E6700F7CC4A /* BrowseByGenre.swift in Sources */ = {isa = PBXBuildFile; fileRef = 42B23A7224DC18B700578ED5 /* BrowseByGenre.swift */; };
		426B359724DD4E6700F7CC4A /* FeedBackPage.swift in Sources */ = {isa = PBXBuildFile; fileRef = 42B23A7424DC18B700578ED5 /* FeedBackPage.swift */; };
		426B359824DD4E6700F7CC4A /* SocialMediaPage.swift in Sources */ = {isa = PBXBuildFile; fileRef = 42B23A7524DC18B700578ED5 /* SocialMediaPage.swift */; };
		426B359924DD4E6700F7CC4A /* ProfileCardPage.swift in Sources */ = {isa = PBXBuildFile; fileRef = 42B23A7624DC18B700578ED5 /* ProfileCardPage.swift */; };
		426B359A24DD4E6700F7CC4A /* ProfilePage.swift in Sources */ = {isa = PBXBuildFile; fileRef = 42B23A7724DC18B700578ED5 /* ProfilePage.swift */; };
		426B359B24DD4E6700F7CC4A /* ChangePasswordPage.swift in Sources */ = {isa = PBXBuildFile; fileRef = 42B23A7824DC18B700578ED5 /* ChangePasswordPage.swift */; };
		426B359C24DD4E6700F7CC4A /* EditProfilePage.swift in Sources */ = {isa = PBXBuildFile; fileRef = 42B23A7924DC18B700578ED5 /* EditProfilePage.swift */; };
		426B359D24DD4E6700F7CC4A /* MyModuleView.swift in Sources */ = {isa = PBXBuildFile; fileRef = 42B23A7B24DC18B700578ED5 /* MyModuleView.swift */; };
		426B359E24DD4E6700F7CC4A /* BrowseView.swift in Sources */ = {isa = PBXBuildFile; fileRef = 42B23A7C24DC18B700578ED5 /* BrowseView.swift */; };
		426B359F24DD4E6700F7CC4A /* SavedModuleView.swift in Sources */ = {isa = PBXBuildFile; fileRef = 42B23A7D24DC18B700578ED5 /* SavedModuleView.swift */; };
		426B35A024DD4E6700F7CC4A /* MainView.swift in Sources */ = {isa = PBXBuildFile; fileRef = 42B23A7E24DC18B700578ED5 /* MainView.swift */; };
		426B35A124DD4E6700F7CC4A /* ContentView.swift in Sources */ = {isa = PBXBuildFile; fileRef = 42B23A7F24DC18B700578ED5 /* ContentView.swift */; };
		426B35A224DD4E6700F7CC4A /* OverviewMain.swift in Sources */ = {isa = PBXBuildFile; fileRef = 42B23A8124DC18B700578ED5 /* OverviewMain.swift */; };
		426B35A324DD4E6700F7CC4A /* NotesMain.swift in Sources */ = {isa = PBXBuildFile; fileRef = 42B23A8224DC18B700578ED5 /* NotesMain.swift */; };
		426B35A424DD4E6700F7CC4A /* DMScreenMain.swift in Sources */ = {isa = PBXBuildFile; fileRef = 42B23A8324DC18B700578ED5 /* DMScreenMain.swift */; };
		426B35A524DD4E6700F7CC4A /* ModuleMain.swift in Sources */ = {isa = PBXBuildFile; fileRef = 42B23A8424DC18B700578ED5 /* ModuleMain.swift */; };
		426B35A624DD4E6700F7CC4A /* ModuleHeader.swift in Sources */ = {isa = PBXBuildFile; fileRef = 42B23A8524DC18B700578ED5 /* ModuleHeader.swift */; };
		426B35A724DD4E6700F7CC4A /* ModuleSegment.swift in Sources */ = {isa = PBXBuildFile; fileRef = 42B23A8624DC18B700578ED5 /* ModuleSegment.swift */; };
		426B35A824DD4E6700F7CC4A /* EncounterMain.swift in Sources */ = {isa = PBXBuildFile; fileRef = 42B23A8724DC18B700578ED5 /* EncounterMain.swift */; };
		426B35A924DD4E6700F7CC4A /* PageTransitionModifier.swift in Sources */ = {isa = PBXBuildFile; fileRef = 42B23A8924DC18B700578ED5 /* PageTransitionModifier.swift */; };
		426B35AA24DD4E6700F7CC4A /* DropdownPickerExample.swift in Sources */ = {isa = PBXBuildFile; fileRef = 42B23A8B24DC18B700578ED5 /* DropdownPickerExample.swift */; };
		426B35AB24DD4E6700F7CC4A /* ImagePickerEmbedExample.swift in Sources */ = {isa = PBXBuildFile; fileRef = 42B23A8C24DC18B700578ED5 /* ImagePickerEmbedExample.swift */; };
		426B35AC24DD4E6700F7CC4A /* OverviewCard.swift in Sources */ = {isa = PBXBuildFile; fileRef = BCF536A424DC31D700B156F8 /* OverviewCard.swift */; };
		426B35AD24DD4E6700F7CC4A /* UploadImageButton.swift in Sources */ = {isa = PBXBuildFile; fileRef = BCF536AA24DC453A00B156F8 /* UploadImageButton.swift */; };
		426B35AE24DD4E6700F7CC4A /* EditorButtons.swift in Sources */ = {isa = PBXBuildFile; fileRef = 42B23A8E24DC18B700578ED5 /* EditorButtons.swift */; };
		426B35AF24DD4E6700F7CC4A /* MultilineTextField.swift in Sources */ = {isa = PBXBuildFile; fileRef = 42B23A8F24DC18B700578ED5 /* MultilineTextField.swift */; };
		426B35B024DD4E6700F7CC4A /* DropdownPicker.swift in Sources */ = {isa = PBXBuildFile; fileRef = 42B23A9024DC18B700578ED5 /* DropdownPicker.swift */; };
		426B35B124DD4E6700F7CC4A /* BackgroundCard.swift in Sources */ = {isa = PBXBuildFile; fileRef = 42B23A9124DC18B700578ED5 /* BackgroundCard.swift */; };
		426B35B224DD4E6700F7CC4A /* ImagePickerEmbed.swift in Sources */ = {isa = PBXBuildFile; fileRef = 42B23A9224DC18B700578ED5 /* ImagePickerEmbed.swift */; };
		426B35B324DD4E6700F7CC4A /* DetailCard.swift in Sources */ = {isa = PBXBuildFile; fileRef = 42B23A9324DC18B700578ED5 /* DetailCard.swift */; };
		426B35B424DD4E6700F7CC4A /* ContentCard.swift in Sources */ = {isa = PBXBuildFile; fileRef = 42B23A9424DC18B700578ED5 /* ContentCard.swift */; };
		426B35B524DD4E6700F7CC4A /* Editor.swift in Sources */ = {isa = PBXBuildFile; fileRef = 42B23A9524DC18B700578ED5 /* Editor.swift */; };
		426B35B624DD4E6700F7CC4A /* PictureContentCard.swift in Sources */ = {isa = PBXBuildFile; fileRef = 42B23A9624DC18B700578ED5 /* PictureContentCard.swift */; };
		426B35B824DD4E6700F7CC4A /* ModuleRepository.swift in Sources */ = {isa = PBXBuildFile; fileRef = 42B23A9924DC18B700578ED5 /* ModuleRepository.swift */; };
		426B35B924DD4E6700F7CC4A /* AuthorRepository.swift in Sources */ = {isa = PBXBuildFile; fileRef = 42B23A9A24DC18B700578ED5 /* AuthorRepository.swift */; };
		426B35BA24DD4E6700F7CC4A /* ExampleUI.swift in Sources */ = {isa = PBXBuildFile; fileRef = 42B23A9B24DC18B700578ED5 /* ExampleUI.swift */; };
		426B35BB24DD4E6700F7CC4A /* File.swift in Sources */ = {isa = PBXBuildFile; fileRef = 42B23A9D24DC18B700578ED5 /* File.swift */; };
		426B35BC24DD4E6700F7CC4A /* AuthorStub.swift in Sources */ = {isa = PBXBuildFile; fileRef = 42B23A9F24DC18B700578ED5 /* AuthorStub.swift */; };
		426B35BD24DD4E6700F7CC4A /* ModulesStub.swift in Sources */ = {isa = PBXBuildFile; fileRef = 42B23AA024DC18B700578ED5 /* ModulesStub.swift */; };
		426B35BE24DD4E6700F7CC4A /* AppsTime.swift in Sources */ = {isa = PBXBuildFile; fileRef = 42B23AA124DC18B700578ED5 /* AppsTime.swift */; };
		426B35BF24DD4E6700F7CC4A /* DataCenter.swift in Sources */ = {isa = PBXBuildFile; fileRef = 42B23AA224DC18B700578ED5 /* DataCenter.swift */; };
		426B35C524DD4E6700F7CC4A /* ApplicationActionButton.swift in Sources */ = {isa = PBXBuildFile; fileRef = 42B23AE324DC18B700578ED5 /* ApplicationActionButton.swift */; };
		426B35C624DD4E6700F7CC4A /* ProfileSection.swift in Sources */ = {isa = PBXBuildFile; fileRef = 42B23AE524DC18B700578ED5 /* ProfileSection.swift */; };
		426B35C724DD4E6700F7CC4A /* HeaderName.swift in Sources */ = {isa = PBXBuildFile; fileRef = 42B23AE724DC18B700578ED5 /* HeaderName.swift */; };
		426B35C824DD4E6700F7CC4A /* CategoryIcon.swift in Sources */ = {isa = PBXBuildFile; fileRef = 42B23AE824DC18B700578ED5 /* CategoryIcon.swift */; };
		426B35C924DD4E6700F7CC4A /* searchBar.swift in Sources */ = {isa = PBXBuildFile; fileRef = 42B23AE924DC18B700578ED5 /* searchBar.swift */; };
		426B35CA24DD4E6700F7CC4A /* PopularCarousel.swift in Sources */ = {isa = PBXBuildFile; fileRef = 42B23AEA24DC18B700578ED5 /* PopularCarousel.swift */; };
		426B35CB24DD4E6700F7CC4A /* TestingCard.swift in Sources */ = {isa = PBXBuildFile; fileRef = 42B23AEB24DC18B700578ED5 /* TestingCard.swift */; };
		426B35CC24DD4E6700F7CC4A /* ListOfModules.swift in Sources */ = {isa = PBXBuildFile; fileRef = 42B23AEC24DC18B700578ED5 /* ListOfModules.swift */; };
		426B35CD24DD4E6700F7CC4A /* ModuleGenreCard.swift in Sources */ = {isa = PBXBuildFile; fileRef = 42B23AED24DC18B700578ED5 /* ModuleGenreCard.swift */; };
		426B35CE24DD4E6700F7CC4A /* RecentCarousel.swift in Sources */ = {isa = PBXBuildFile; fileRef = 42B23AEE24DC18B700578ED5 /* RecentCarousel.swift */; };
		426B35CF24DD4E6700F7CC4A /* ModuleListScroll.swift in Sources */ = {isa = PBXBuildFile; fileRef = 42B23AEF24DC18B700578ED5 /* ModuleListScroll.swift */; };
		426B35D024DD4E6700F7CC4A /* GenreSection.swift in Sources */ = {isa = PBXBuildFile; fileRef = 42B23AF024DC18B700578ED5 /* GenreSection.swift */; };
		426B35D124DD4E6700F7CC4A /* ModuleEmptyState.swift in Sources */ = {isa = PBXBuildFile; fileRef = 42B23AF124DC18B700578ED5 /* ModuleEmptyState.swift */; };
		426B35D224DD4E6700F7CC4A /* ContentText.swift in Sources */ = {isa = PBXBuildFile; fileRef = 42B23AF324DC18B700578ED5 /* ContentText.swift */; };
		426B35D324DD4E6700F7CC4A /* TimeText.swift in Sources */ = {isa = PBXBuildFile; fileRef = 42B23AF424DC18B700578ED5 /* TimeText.swift */; };
		426B35D424DD4E6700F7CC4A /* TitleText.swift in Sources */ = {isa = PBXBuildFile; fileRef = 42B23AF524DC18B700578ED5 /* TitleText.swift */; };
		426B35D524DD4E6700F7CC4A /* FavouriteBase.swift in Sources */ = {isa = PBXBuildFile; fileRef = 42B23AF724DC18B700578ED5 /* FavouriteBase.swift */; };
		426B35D624DD4E6700F7CC4A /* ModalCard.swift in Sources */ = {isa = PBXBuildFile; fileRef = 42B23AF824DC18B700578ED5 /* ModalCard.swift */; };
		426B35D724DD4E6700F7CC4A /* NavigationModalTemplate.swift in Sources */ = {isa = PBXBuildFile; fileRef = 42B23AF924DC18B700578ED5 /* NavigationModalTemplate.swift */; };
		426B35D824DD4E6700F7CC4A /* ModalHeading.swift in Sources */ = {isa = PBXBuildFile; fileRef = 42B23AFA24DC18B700578ED5 /* ModalHeading.swift */; };
		426B35D924DD4E6700F7CC4A /* BrowseBase.swift in Sources */ = {isa = PBXBuildFile; fileRef = 42B23AFB24DC18B700578ED5 /* BrowseBase.swift */; };
		426B35DB24DD4E6700F7CC4A /* Monster.swift in Sources */ = {isa = PBXBuildFile; fileRef = 42B23B0024DC18B700578ED5 /* Monster.swift */; };
		426B35DC24DD4E6700F7CC4A /* Treasure.swift in Sources */ = {isa = PBXBuildFile; fileRef = 42B23B0124DC18B700578ED5 /* Treasure.swift */; };
		426B35DD24DD4E6700F7CC4A /* ReadAloudText.swift in Sources */ = {isa = PBXBuildFile; fileRef = 42B23B0224DC18B700578ED5 /* ReadAloudText.swift */; };
		426B35DE24DD4E6700F7CC4A /* Trap.swift in Sources */ = {isa = PBXBuildFile; fileRef = 42B23B0324DC18B700578ED5 /* Trap.swift */; };
		426B35DF24DD4E6700F7CC4A /* Notes.swift in Sources */ = {isa = PBXBuildFile; fileRef = 42B23B0424DC18B700578ED5 /* Notes.swift */; };
		426B35E024DD4E6700F7CC4A /* Maps.swift in Sources */ = {isa = PBXBuildFile; fileRef = 42B23B0524DC18B700578ED5 /* Maps.swift */; };
		426B35E124DD4E6700F7CC4A /* NPC.swift in Sources */ = {isa = PBXBuildFile; fileRef = 42B23B0624DC18B700578ED5 /* NPC.swift */; };
		426B35E224DD4E6700F7CC4A /* POI.swift in Sources */ = {isa = PBXBuildFile; fileRef = 42B23B0724DC18B700578ED5 /* POI.swift */; };
		426B35E324DD4E6700F7CC4A /* ModuleContent.swift in Sources */ = {isa = PBXBuildFile; fileRef = 42B23B0824DC18B700578ED5 /* ModuleContent.swift */; };
		426B35E424DD4E6700F7CC4A /* Overview.swift in Sources */ = {isa = PBXBuildFile; fileRef = 42B23B0924DC18B700578ED5 /* Overview.swift */; };
		426B35E524DD4E6700F7CC4A /* EnvironmentModel.swift in Sources */ = {isa = PBXBuildFile; fileRef = 42B23B0A24DC18B700578ED5 /* EnvironmentModel.swift */; };
		426B35E624DD4E6700F7CC4A /* Encounter.swift in Sources */ = {isa = PBXBuildFile; fileRef = 42B23B0B24DC18B700578ED5 /* Encounter.swift */; };
		426B35E724DD4E6700F7CC4A /* MainNotes.swift in Sources */ = {isa = PBXBuildFile; fileRef = 42B23B0C24DC18B700578ED5 /* MainNotes.swift */; };
		426B35E824DD4E6700F7CC4A /* Model.swift in Sources */ = {isa = PBXBuildFile; fileRef = 42B23B0D24DC18B700578ED5 /* Model.swift */; };
		426B35E924DD4E6700F7CC4A /* AuthorModel.swift in Sources */ = {isa = PBXBuildFile; fileRef = 42B23B0E24DC18B700578ED5 /* AuthorModel.swift */; };
		426B35EA24DD4E6700F7CC4A /* ModuleModel.swift in Sources */ = {isa = PBXBuildFile; fileRef = 42B23B0F24DC18B700578ED5 /* ModuleModel.swift */; };
		426B35EB24DD4E6800F7CC4A /* LoginPage.swift in Sources */ = {isa = PBXBuildFile; fileRef = 42B23B1124DC18B700578ED5 /* LoginPage.swift */; };
		426B35EC24DD4E6800F7CC4A /* ModuleInfo.swift in Sources */ = {isa = PBXBuildFile; fileRef = 42B23B1224DC18B700578ED5 /* ModuleInfo.swift */; };
		426B35ED24DD4E6800F7CC4A /* HostingController.swift in Sources */ = {isa = PBXBuildFile; fileRef = 42B23B1424DC18B700578ED5 /* HostingController.swift */; };
		426B35F024DD4E6800F7CC4A /* loginViewController.swift in Sources */ = {isa = PBXBuildFile; fileRef = 42B23B1824DC18B700578ED5 /* loginViewController.swift */; };
		426B35F124DD4E6800F7CC4A /* TextFieldCustom.swift in Sources */ = {isa = PBXBuildFile; fileRef = 42B23B1924DC18B700578ED5 /* TextFieldCustom.swift */; };
		426B35F224DD4E6800F7CC4A /* registerViewController.swift in Sources */ = {isa = PBXBuildFile; fileRef = 42B23B1A24DC18B700578ED5 /* registerViewController.swift */; };
		426B35F424DD4EEB00F7CC4A /* BackButton.swift in Sources */ = {isa = PBXBuildFile; fileRef = 42B23AE224DC18B700578ED5 /* BackButton.swift */; };
		426B35F924DD4F5B00F7CC4A /* NotesDetail.swift in Sources */ = {isa = PBXBuildFile; fileRef = 426B35F524DD4F5B00F7CC4A /* NotesDetail.swift */; };
		426B35FA24DD4F5B00F7CC4A /* OverviewDetail.swift in Sources */ = {isa = PBXBuildFile; fileRef = 426B35F624DD4F5B00F7CC4A /* OverviewDetail.swift */; };
		426B35FB24DD4F5B00F7CC4A /* NotesEdit.swift in Sources */ = {isa = PBXBuildFile; fileRef = 426B35F724DD4F5B00F7CC4A /* NotesEdit.swift */; };
		426B35FC24DD4F5B00F7CC4A /* OverviewEdit.swift in Sources */ = {isa = PBXBuildFile; fileRef = 426B35F824DD4F5B00F7CC4A /* OverviewEdit.swift */; };
		426B363324DD4FA200F7CC4A /* EncounterSectionCard.swift in Sources */ = {isa = PBXBuildFile; fileRef = 426B35FE24DD4FA200F7CC4A /* EncounterSectionCard.swift */; };
		426B363424DD4FA200F7CC4A /* EnvironmentDetailCard.swift in Sources */ = {isa = PBXBuildFile; fileRef = 426B360024DD4FA200F7CC4A /* EnvironmentDetailCard.swift */; };
		426B363524DD4FA200F7CC4A /* EncounterEnvironmentDetail.swift in Sources */ = {isa = PBXBuildFile; fileRef = 426B360124DD4FA200F7CC4A /* EncounterEnvironmentDetail.swift */; };
		426B363624DD4FA200F7CC4A /* EncounterEnvironment.swift in Sources */ = {isa = PBXBuildFile; fileRef = 426B360224DD4FA200F7CC4A /* EncounterEnvironment.swift */; };
		426B363724DD4FA200F7CC4A /* EncounterEnvironmentEdit.swift in Sources */ = {isa = PBXBuildFile; fileRef = 426B360324DD4FA200F7CC4A /* EncounterEnvironmentEdit.swift */; };
		426B363824DD4FA200F7CC4A /* EnvironmentOverviewCard.swift in Sources */ = {isa = PBXBuildFile; fileRef = 426B360424DD4FA200F7CC4A /* EnvironmentOverviewCard.swift */; };
		426B363924DD4FA200F7CC4A /* EncounterEnvironmentList.swift in Sources */ = {isa = PBXBuildFile; fileRef = 426B360524DD4FA200F7CC4A /* EncounterEnvironmentList.swift */; };
		426B363A24DD4FA200F7CC4A /* EncounterNotesDetail.swift in Sources */ = {isa = PBXBuildFile; fileRef = 426B360724DD4FA200F7CC4A /* EncounterNotesDetail.swift */; };
		426B363B24DD4FA200F7CC4A /* EncounterNotesEdit.swift in Sources */ = {isa = PBXBuildFile; fileRef = 426B360824DD4FA200F7CC4A /* EncounterNotesEdit.swift */; };
		426B363C24DD4FA200F7CC4A /* EncounterNotes.swift in Sources */ = {isa = PBXBuildFile; fileRef = 426B360924DD4FA200F7CC4A /* EncounterNotes.swift */; };
		426B363D24DD4FA200F7CC4A /* EncounterTreasureDetail.swift in Sources */ = {isa = PBXBuildFile; fileRef = 426B360B24DD4FA200F7CC4A /* EncounterTreasureDetail.swift */; };
		426B363E24DD4FA200F7CC4A /* EncounterTreasure.swift in Sources */ = {isa = PBXBuildFile; fileRef = 426B360C24DD4FA200F7CC4A /* EncounterTreasure.swift */; };
		426B363F24DD4FA200F7CC4A /* TreasureEditForms.swift in Sources */ = {isa = PBXBuildFile; fileRef = 426B360D24DD4FA200F7CC4A /* TreasureEditForms.swift */; };
		426B364024DD4FA200F7CC4A /* TreasureDetailCard.swift in Sources */ = {isa = PBXBuildFile; fileRef = 426B360E24DD4FA200F7CC4A /* TreasureDetailCard.swift */; };
		426B364124DD4FA200F7CC4A /* EncounterTreasureList.swift in Sources */ = {isa = PBXBuildFile; fileRef = 426B360F24DD4FA200F7CC4A /* EncounterTreasureList.swift */; };
		426B364224DD4FA200F7CC4A /* EncounterTreasureEdit.swift in Sources */ = {isa = PBXBuildFile; fileRef = 426B361024DD4FA200F7CC4A /* EncounterTreasureEdit.swift */; };
		426B364324DD4FA200F7CC4A /* EncounterRAT.swift in Sources */ = {isa = PBXBuildFile; fileRef = 426B361224DD4FA200F7CC4A /* EncounterRAT.swift */; };
		426B364424DD4FA200F7CC4A /* EncounterRATList.swift in Sources */ = {isa = PBXBuildFile; fileRef = 426B361324DD4FA200F7CC4A /* EncounterRATList.swift */; };
		426B364524DD4FA200F7CC4A /* EncounterRATDetail.swift in Sources */ = {isa = PBXBuildFile; fileRef = 426B361424DD4FA200F7CC4A /* EncounterRATDetail.swift */; };
		426B364624DD4FA200F7CC4A /* EncounterRATEdit.swift in Sources */ = {isa = PBXBuildFile; fileRef = 426B361524DD4FA200F7CC4A /* EncounterRATEdit.swift */; };
		426B364724DD4FA200F7CC4A /* EncounterTraps.swift in Sources */ = {isa = PBXBuildFile; fileRef = 426B361724DD4FA200F7CC4A /* EncounterTraps.swift */; };
		426B364824DD4FA200F7CC4A /* EncounterTrapsList.swift in Sources */ = {isa = PBXBuildFile; fileRef = 426B361824DD4FA200F7CC4A /* EncounterTrapsList.swift */; };
		426B364924DD4FA200F7CC4A /* EncounterTrapsDetail.swift in Sources */ = {isa = PBXBuildFile; fileRef = 426B361924DD4FA200F7CC4A /* EncounterTrapsDetail.swift */; };
		426B364A24DD4FA200F7CC4A /* TrapContentCard.swift in Sources */ = {isa = PBXBuildFile; fileRef = 426B361A24DD4FA200F7CC4A /* TrapContentCard.swift */; };
		426B364B24DD4FA200F7CC4A /* EncounterTrapsEdit.swift in Sources */ = {isa = PBXBuildFile; fileRef = 426B361B24DD4FA200F7CC4A /* EncounterTrapsEdit.swift */; };
		426B364C24DD4FA200F7CC4A /* EncounterHeader.swift in Sources */ = {isa = PBXBuildFile; fileRef = 426B361C24DD4FA200F7CC4A /* EncounterHeader.swift */; };
		426B364D24DD4FA200F7CC4A /* EncounterMaps.swift in Sources */ = {isa = PBXBuildFile; fileRef = 426B361E24DD4FA200F7CC4A /* EncounterMaps.swift */; };
		426B364E24DD4FA200F7CC4A /* EncounterMapsList.swift in Sources */ = {isa = PBXBuildFile; fileRef = 426B361F24DD4FA200F7CC4A /* EncounterMapsList.swift */; };
		426B364F24DD4FA200F7CC4A /* EncounterMapsDetail.swift in Sources */ = {isa = PBXBuildFile; fileRef = 426B362024DD4FA200F7CC4A /* EncounterMapsDetail.swift */; };
		426B365024DD4FA200F7CC4A /* EncounterMapsEdit.swift in Sources */ = {isa = PBXBuildFile; fileRef = 426B362124DD4FA200F7CC4A /* EncounterMapsEdit.swift */; };
		426B365124DD4FA200F7CC4A /* EncounterNPCList.swift in Sources */ = {isa = PBXBuildFile; fileRef = 426B362324DD4FA200F7CC4A /* EncounterNPCList.swift */; };
		426B365224DD4FA200F7CC4A /* EncounterNPCEdit.swift in Sources */ = {isa = PBXBuildFile; fileRef = 426B362424DD4FA200F7CC4A /* EncounterNPCEdit.swift */; };
		426B365324DD4FA200F7CC4A /* EncounterNPCDetail.swift in Sources */ = {isa = PBXBuildFile; fileRef = 426B362524DD4FA200F7CC4A /* EncounterNPCDetail.swift */; };
		426B365424DD4FA200F7CC4A /* EncounterNPC.swift in Sources */ = {isa = PBXBuildFile; fileRef = 426B362624DD4FA200F7CC4A /* EncounterNPC.swift */; };
		426B365524DD4FA200F7CC4A /* EncounterExpanded.swift in Sources */ = {isa = PBXBuildFile; fileRef = 426B362724DD4FA200F7CC4A /* EncounterExpanded.swift */; };
		426B365624DD4FA200F7CC4A /* EncounterMonsters.swift in Sources */ = {isa = PBXBuildFile; fileRef = 426B362924DD4FA200F7CC4A /* EncounterMonsters.swift */; };
		426B365724DD4FA200F7CC4A /* EncounterMonstersEdit.swift in Sources */ = {isa = PBXBuildFile; fileRef = 426B362A24DD4FA200F7CC4A /* EncounterMonstersEdit.swift */; };
		426B365824DD4FA200F7CC4A /* EncounterMonstersDetail.swift in Sources */ = {isa = PBXBuildFile; fileRef = 426B362B24DD4FA200F7CC4A /* EncounterMonstersDetail.swift */; };
		426B365924DD4FA200F7CC4A /* EncounterMonstersList.swift in Sources */ = {isa = PBXBuildFile; fileRef = 426B362C24DD4FA200F7CC4A /* EncounterMonstersList.swift */; };
		426B365A24DD4FA200F7CC4A /* EncounterEdit.swift in Sources */ = {isa = PBXBuildFile; fileRef = 426B362D24DD4FA200F7CC4A /* EncounterEdit.swift */; };
		426B365B24DD4FA200F7CC4A /* EncounterPOIEdit.swift in Sources */ = {isa = PBXBuildFile; fileRef = 426B362F24DD4FA200F7CC4A /* EncounterPOIEdit.swift */; };
		426B365C24DD4FA200F7CC4A /* EncounterPOIList.swift in Sources */ = {isa = PBXBuildFile; fileRef = 426B363024DD4FA200F7CC4A /* EncounterPOIList.swift */; };
		426B365D24DD4FA200F7CC4A /* EncounterPOIDetail.swift in Sources */ = {isa = PBXBuildFile; fileRef = 426B363124DD4FA200F7CC4A /* EncounterPOIDetail.swift */; };
		426B365E24DD4FA200F7CC4A /* EncounterPOI.swift in Sources */ = {isa = PBXBuildFile; fileRef = 426B363224DD4FA200F7CC4A /* EncounterPOI.swift */; };
		426B365F24DD504100F7CC4A /* Underline.swift in Sources */ = {isa = PBXBuildFile; fileRef = 42B23ADE24DC18B700578ED5 /* Underline.swift */; };
		426B366024DD504D00F7CC4A /* ProfilePicture.swift in Sources */ = {isa = PBXBuildFile; fileRef = 42B23AE024DC18B700578ED5 /* ProfilePicture.swift */; };
		42B23B3E24DC18B800578ED5 /* Assets.xcassets in Resources */ = {isa = PBXBuildFile; fileRef = 42B23A9724DC18B700578ED5 /* Assets.xcassets */; };
		42B23B4724DC18B800578ED5 /* Preview Assets.xcassets in Resources */ = {isa = PBXBuildFile; fileRef = 42B23AA424DC18B700578ED5 /* Preview Assets.xcassets */; };
		42B23B4824DC18B800578ED5 /* LaunchScreen.storyboard in Resources */ = {isa = PBXBuildFile; fileRef = 42B23AA524DC18B700578ED5 /* LaunchScreen.storyboard */; };
		42B23BA124DC18B800578ED5 /* Register.storyboard in Resources */ = {isa = PBXBuildFile; fileRef = 42B23B1624DC18B700578ED5 /* Register.storyboard */; };
		42B23BA224DC18B800578ED5 /* Login.storyboard in Resources */ = {isa = PBXBuildFile; fileRef = 42B23B1724DC18B700578ED5 /* Login.storyboard */; };
		42E54FF524DB1600008D0E0B /* CloudKit.framework in Frameworks */ = {isa = PBXBuildFile; fileRef = 42E54FF424DB1600008D0E0B /* CloudKit.framework */; };
		BCD02F2524E02F0D00559238 /* UIImagePickerEmbed.swift in Sources */ = {isa = PBXBuildFile; fileRef = BCD02F2424E02F0D00559238 /* UIImagePickerEmbed.swift */; };
/* End PBXBuildFile section */

/* Begin PBXFileReference section */
		4241A6C324DD48ED0004B0A5 /* Info.plist */ = {isa = PBXFileReference; fileEncoding = 4; lastKnownFileType = text.plist.xml; path = Info.plist; sourceTree = "<group>"; };
		426B35F524DD4F5B00F7CC4A /* NotesDetail.swift */ = {isa = PBXFileReference; fileEncoding = 4; lastKnownFileType = sourcecode.swift; name = NotesDetail.swift; path = "Module Main/NotesDetail.swift"; sourceTree = "<group>"; };
		426B35F624DD4F5B00F7CC4A /* OverviewDetail.swift */ = {isa = PBXFileReference; fileEncoding = 4; lastKnownFileType = sourcecode.swift; name = OverviewDetail.swift; path = "Module Main/OverviewDetail.swift"; sourceTree = "<group>"; };
		426B35F724DD4F5B00F7CC4A /* NotesEdit.swift */ = {isa = PBXFileReference; fileEncoding = 4; lastKnownFileType = sourcecode.swift; name = NotesEdit.swift; path = "Module Main/NotesEdit.swift"; sourceTree = "<group>"; };
		426B35F824DD4F5B00F7CC4A /* OverviewEdit.swift */ = {isa = PBXFileReference; fileEncoding = 4; lastKnownFileType = sourcecode.swift; name = OverviewEdit.swift; path = "Module Main/OverviewEdit.swift"; sourceTree = "<group>"; };
		426B35FE24DD4FA200F7CC4A /* EncounterSectionCard.swift */ = {isa = PBXFileReference; fileEncoding = 4; lastKnownFileType = sourcecode.swift; path = EncounterSectionCard.swift; sourceTree = "<group>"; };
		426B360024DD4FA200F7CC4A /* EnvironmentDetailCard.swift */ = {isa = PBXFileReference; fileEncoding = 4; lastKnownFileType = sourcecode.swift; path = EnvironmentDetailCard.swift; sourceTree = "<group>"; };
		426B360124DD4FA200F7CC4A /* EncounterEnvironmentDetail.swift */ = {isa = PBXFileReference; fileEncoding = 4; lastKnownFileType = sourcecode.swift; path = EncounterEnvironmentDetail.swift; sourceTree = "<group>"; };
		426B360224DD4FA200F7CC4A /* EncounterEnvironment.swift */ = {isa = PBXFileReference; fileEncoding = 4; lastKnownFileType = sourcecode.swift; path = EncounterEnvironment.swift; sourceTree = "<group>"; };
		426B360324DD4FA200F7CC4A /* EncounterEnvironmentEdit.swift */ = {isa = PBXFileReference; fileEncoding = 4; lastKnownFileType = sourcecode.swift; path = EncounterEnvironmentEdit.swift; sourceTree = "<group>"; };
		426B360424DD4FA200F7CC4A /* EnvironmentOverviewCard.swift */ = {isa = PBXFileReference; fileEncoding = 4; lastKnownFileType = sourcecode.swift; path = EnvironmentOverviewCard.swift; sourceTree = "<group>"; };
		426B360524DD4FA200F7CC4A /* EncounterEnvironmentList.swift */ = {isa = PBXFileReference; fileEncoding = 4; lastKnownFileType = sourcecode.swift; path = EncounterEnvironmentList.swift; sourceTree = "<group>"; };
		426B360724DD4FA200F7CC4A /* EncounterNotesDetail.swift */ = {isa = PBXFileReference; fileEncoding = 4; lastKnownFileType = sourcecode.swift; path = EncounterNotesDetail.swift; sourceTree = "<group>"; };
		426B360824DD4FA200F7CC4A /* EncounterNotesEdit.swift */ = {isa = PBXFileReference; fileEncoding = 4; lastKnownFileType = sourcecode.swift; path = EncounterNotesEdit.swift; sourceTree = "<group>"; };
		426B360924DD4FA200F7CC4A /* EncounterNotes.swift */ = {isa = PBXFileReference; fileEncoding = 4; lastKnownFileType = sourcecode.swift; path = EncounterNotes.swift; sourceTree = "<group>"; };
		426B360B24DD4FA200F7CC4A /* EncounterTreasureDetail.swift */ = {isa = PBXFileReference; fileEncoding = 4; lastKnownFileType = sourcecode.swift; path = EncounterTreasureDetail.swift; sourceTree = "<group>"; };
		426B360C24DD4FA200F7CC4A /* EncounterTreasure.swift */ = {isa = PBXFileReference; fileEncoding = 4; lastKnownFileType = sourcecode.swift; path = EncounterTreasure.swift; sourceTree = "<group>"; };
		426B360D24DD4FA200F7CC4A /* TreasureEditForms.swift */ = {isa = PBXFileReference; fileEncoding = 4; lastKnownFileType = sourcecode.swift; path = TreasureEditForms.swift; sourceTree = "<group>"; };
		426B360E24DD4FA200F7CC4A /* TreasureDetailCard.swift */ = {isa = PBXFileReference; fileEncoding = 4; lastKnownFileType = sourcecode.swift; path = TreasureDetailCard.swift; sourceTree = "<group>"; };
		426B360F24DD4FA200F7CC4A /* EncounterTreasureList.swift */ = {isa = PBXFileReference; fileEncoding = 4; lastKnownFileType = sourcecode.swift; path = EncounterTreasureList.swift; sourceTree = "<group>"; };
		426B361024DD4FA200F7CC4A /* EncounterTreasureEdit.swift */ = {isa = PBXFileReference; fileEncoding = 4; lastKnownFileType = sourcecode.swift; path = EncounterTreasureEdit.swift; sourceTree = "<group>"; };
		426B361224DD4FA200F7CC4A /* EncounterRAT.swift */ = {isa = PBXFileReference; fileEncoding = 4; lastKnownFileType = sourcecode.swift; path = EncounterRAT.swift; sourceTree = "<group>"; };
		426B361324DD4FA200F7CC4A /* EncounterRATList.swift */ = {isa = PBXFileReference; fileEncoding = 4; lastKnownFileType = sourcecode.swift; path = EncounterRATList.swift; sourceTree = "<group>"; };
		426B361424DD4FA200F7CC4A /* EncounterRATDetail.swift */ = {isa = PBXFileReference; fileEncoding = 4; lastKnownFileType = sourcecode.swift; path = EncounterRATDetail.swift; sourceTree = "<group>"; };
		426B361524DD4FA200F7CC4A /* EncounterRATEdit.swift */ = {isa = PBXFileReference; fileEncoding = 4; lastKnownFileType = sourcecode.swift; path = EncounterRATEdit.swift; sourceTree = "<group>"; };
		426B361724DD4FA200F7CC4A /* EncounterTraps.swift */ = {isa = PBXFileReference; fileEncoding = 4; lastKnownFileType = sourcecode.swift; path = EncounterTraps.swift; sourceTree = "<group>"; };
		426B361824DD4FA200F7CC4A /* EncounterTrapsList.swift */ = {isa = PBXFileReference; fileEncoding = 4; lastKnownFileType = sourcecode.swift; path = EncounterTrapsList.swift; sourceTree = "<group>"; };
		426B361924DD4FA200F7CC4A /* EncounterTrapsDetail.swift */ = {isa = PBXFileReference; fileEncoding = 4; lastKnownFileType = sourcecode.swift; path = EncounterTrapsDetail.swift; sourceTree = "<group>"; };
		426B361A24DD4FA200F7CC4A /* TrapContentCard.swift */ = {isa = PBXFileReference; fileEncoding = 4; lastKnownFileType = sourcecode.swift; path = TrapContentCard.swift; sourceTree = "<group>"; };
		426B361B24DD4FA200F7CC4A /* EncounterTrapsEdit.swift */ = {isa = PBXFileReference; fileEncoding = 4; lastKnownFileType = sourcecode.swift; path = EncounterTrapsEdit.swift; sourceTree = "<group>"; };
		426B361C24DD4FA200F7CC4A /* EncounterHeader.swift */ = {isa = PBXFileReference; fileEncoding = 4; lastKnownFileType = sourcecode.swift; path = EncounterHeader.swift; sourceTree = "<group>"; };
		426B361E24DD4FA200F7CC4A /* EncounterMaps.swift */ = {isa = PBXFileReference; fileEncoding = 4; lastKnownFileType = sourcecode.swift; path = EncounterMaps.swift; sourceTree = "<group>"; };
		426B361F24DD4FA200F7CC4A /* EncounterMapsList.swift */ = {isa = PBXFileReference; fileEncoding = 4; lastKnownFileType = sourcecode.swift; path = EncounterMapsList.swift; sourceTree = "<group>"; };
		426B362024DD4FA200F7CC4A /* EncounterMapsDetail.swift */ = {isa = PBXFileReference; fileEncoding = 4; lastKnownFileType = sourcecode.swift; path = EncounterMapsDetail.swift; sourceTree = "<group>"; };
		426B362124DD4FA200F7CC4A /* EncounterMapsEdit.swift */ = {isa = PBXFileReference; fileEncoding = 4; lastKnownFileType = sourcecode.swift; path = EncounterMapsEdit.swift; sourceTree = "<group>"; };
		426B362324DD4FA200F7CC4A /* EncounterNPCList.swift */ = {isa = PBXFileReference; fileEncoding = 4; lastKnownFileType = sourcecode.swift; path = EncounterNPCList.swift; sourceTree = "<group>"; };
		426B362424DD4FA200F7CC4A /* EncounterNPCEdit.swift */ = {isa = PBXFileReference; fileEncoding = 4; lastKnownFileType = sourcecode.swift; path = EncounterNPCEdit.swift; sourceTree = "<group>"; };
		426B362524DD4FA200F7CC4A /* EncounterNPCDetail.swift */ = {isa = PBXFileReference; fileEncoding = 4; lastKnownFileType = sourcecode.swift; path = EncounterNPCDetail.swift; sourceTree = "<group>"; };
		426B362624DD4FA200F7CC4A /* EncounterNPC.swift */ = {isa = PBXFileReference; fileEncoding = 4; lastKnownFileType = sourcecode.swift; path = EncounterNPC.swift; sourceTree = "<group>"; };
		426B362724DD4FA200F7CC4A /* EncounterExpanded.swift */ = {isa = PBXFileReference; fileEncoding = 4; lastKnownFileType = sourcecode.swift; path = EncounterExpanded.swift; sourceTree = "<group>"; };
		426B362924DD4FA200F7CC4A /* EncounterMonsters.swift */ = {isa = PBXFileReference; fileEncoding = 4; lastKnownFileType = sourcecode.swift; path = EncounterMonsters.swift; sourceTree = "<group>"; };
		426B362A24DD4FA200F7CC4A /* EncounterMonstersEdit.swift */ = {isa = PBXFileReference; fileEncoding = 4; lastKnownFileType = sourcecode.swift; path = EncounterMonstersEdit.swift; sourceTree = "<group>"; };
		426B362B24DD4FA200F7CC4A /* EncounterMonstersDetail.swift */ = {isa = PBXFileReference; fileEncoding = 4; lastKnownFileType = sourcecode.swift; path = EncounterMonstersDetail.swift; sourceTree = "<group>"; };
		426B362C24DD4FA200F7CC4A /* EncounterMonstersList.swift */ = {isa = PBXFileReference; fileEncoding = 4; lastKnownFileType = sourcecode.swift; path = EncounterMonstersList.swift; sourceTree = "<group>"; };
		426B362D24DD4FA200F7CC4A /* EncounterEdit.swift */ = {isa = PBXFileReference; fileEncoding = 4; lastKnownFileType = sourcecode.swift; path = EncounterEdit.swift; sourceTree = "<group>"; };
		426B362F24DD4FA200F7CC4A /* EncounterPOIEdit.swift */ = {isa = PBXFileReference; fileEncoding = 4; lastKnownFileType = sourcecode.swift; path = EncounterPOIEdit.swift; sourceTree = "<group>"; };
		426B363024DD4FA200F7CC4A /* EncounterPOIList.swift */ = {isa = PBXFileReference; fileEncoding = 4; lastKnownFileType = sourcecode.swift; path = EncounterPOIList.swift; sourceTree = "<group>"; };
		426B363124DD4FA200F7CC4A /* EncounterPOIDetail.swift */ = {isa = PBXFileReference; fileEncoding = 4; lastKnownFileType = sourcecode.swift; path = EncounterPOIDetail.swift; sourceTree = "<group>"; };
		426B363224DD4FA200F7CC4A /* EncounterPOI.swift */ = {isa = PBXFileReference; fileEncoding = 4; lastKnownFileType = sourcecode.swift; path = EncounterPOI.swift; sourceTree = "<group>"; };
		42B23A6E24DC18B700578ED5 /* Color Presets.swift */ = {isa = PBXFileReference; fileEncoding = 4; lastKnownFileType = sourcecode.swift; path = "Color Presets.swift"; sourceTree = "<group>"; };
		42B23A7124DC18B700578ED5 /* SearchModuleView.swift */ = {isa = PBXFileReference; fileEncoding = 4; lastKnownFileType = sourcecode.swift; path = SearchModuleView.swift; sourceTree = "<group>"; };
		42B23A7224DC18B700578ED5 /* BrowseByGenre.swift */ = {isa = PBXFileReference; fileEncoding = 4; lastKnownFileType = sourcecode.swift; path = BrowseByGenre.swift; sourceTree = "<group>"; };
		42B23A7424DC18B700578ED5 /* FeedBackPage.swift */ = {isa = PBXFileReference; fileEncoding = 4; lastKnownFileType = sourcecode.swift; path = FeedBackPage.swift; sourceTree = "<group>"; };
		42B23A7524DC18B700578ED5 /* SocialMediaPage.swift */ = {isa = PBXFileReference; fileEncoding = 4; lastKnownFileType = sourcecode.swift; path = SocialMediaPage.swift; sourceTree = "<group>"; };
		42B23A7624DC18B700578ED5 /* ProfileCardPage.swift */ = {isa = PBXFileReference; fileEncoding = 4; lastKnownFileType = sourcecode.swift; path = ProfileCardPage.swift; sourceTree = "<group>"; };
		42B23A7724DC18B700578ED5 /* ProfilePage.swift */ = {isa = PBXFileReference; fileEncoding = 4; lastKnownFileType = sourcecode.swift; path = ProfilePage.swift; sourceTree = "<group>"; };
		42B23A7824DC18B700578ED5 /* ChangePasswordPage.swift */ = {isa = PBXFileReference; fileEncoding = 4; lastKnownFileType = sourcecode.swift; path = ChangePasswordPage.swift; sourceTree = "<group>"; };
		42B23A7924DC18B700578ED5 /* EditProfilePage.swift */ = {isa = PBXFileReference; fileEncoding = 4; lastKnownFileType = sourcecode.swift; path = EditProfilePage.swift; sourceTree = "<group>"; };
		42B23A7B24DC18B700578ED5 /* MyModuleView.swift */ = {isa = PBXFileReference; fileEncoding = 4; lastKnownFileType = sourcecode.swift; path = MyModuleView.swift; sourceTree = "<group>"; };
		42B23A7C24DC18B700578ED5 /* BrowseView.swift */ = {isa = PBXFileReference; fileEncoding = 4; lastKnownFileType = sourcecode.swift; path = BrowseView.swift; sourceTree = "<group>"; };
		42B23A7D24DC18B700578ED5 /* SavedModuleView.swift */ = {isa = PBXFileReference; fileEncoding = 4; lastKnownFileType = sourcecode.swift; path = SavedModuleView.swift; sourceTree = "<group>"; };
		42B23A7E24DC18B700578ED5 /* MainView.swift */ = {isa = PBXFileReference; fileEncoding = 4; lastKnownFileType = sourcecode.swift; path = MainView.swift; sourceTree = "<group>"; };
		42B23A7F24DC18B700578ED5 /* ContentView.swift */ = {isa = PBXFileReference; fileEncoding = 4; lastKnownFileType = sourcecode.swift; path = ContentView.swift; sourceTree = "<group>"; };
		42B23A8124DC18B700578ED5 /* OverviewMain.swift */ = {isa = PBXFileReference; fileEncoding = 4; lastKnownFileType = sourcecode.swift; path = OverviewMain.swift; sourceTree = "<group>"; };
		42B23A8224DC18B700578ED5 /* NotesMain.swift */ = {isa = PBXFileReference; fileEncoding = 4; lastKnownFileType = sourcecode.swift; path = NotesMain.swift; sourceTree = "<group>"; };
		42B23A8324DC18B700578ED5 /* DMScreenMain.swift */ = {isa = PBXFileReference; fileEncoding = 4; lastKnownFileType = sourcecode.swift; path = DMScreenMain.swift; sourceTree = "<group>"; };
		42B23A8424DC18B700578ED5 /* ModuleMain.swift */ = {isa = PBXFileReference; fileEncoding = 4; lastKnownFileType = sourcecode.swift; path = ModuleMain.swift; sourceTree = "<group>"; };
		42B23A8524DC18B700578ED5 /* ModuleHeader.swift */ = {isa = PBXFileReference; fileEncoding = 4; lastKnownFileType = sourcecode.swift; path = ModuleHeader.swift; sourceTree = "<group>"; };
		42B23A8624DC18B700578ED5 /* ModuleSegment.swift */ = {isa = PBXFileReference; fileEncoding = 4; lastKnownFileType = sourcecode.swift; path = ModuleSegment.swift; sourceTree = "<group>"; };
		42B23A8724DC18B700578ED5 /* EncounterMain.swift */ = {isa = PBXFileReference; fileEncoding = 4; lastKnownFileType = sourcecode.swift; path = EncounterMain.swift; sourceTree = "<group>"; };
		42B23A8924DC18B700578ED5 /* PageTransitionModifier.swift */ = {isa = PBXFileReference; fileEncoding = 4; lastKnownFileType = sourcecode.swift; path = PageTransitionModifier.swift; sourceTree = "<group>"; };
		42B23A8B24DC18B700578ED5 /* DropdownPickerExample.swift */ = {isa = PBXFileReference; fileEncoding = 4; lastKnownFileType = sourcecode.swift; path = DropdownPickerExample.swift; sourceTree = "<group>"; };
		42B23A8C24DC18B700578ED5 /* ImagePickerEmbedExample.swift */ = {isa = PBXFileReference; fileEncoding = 4; lastKnownFileType = sourcecode.swift; path = ImagePickerEmbedExample.swift; sourceTree = "<group>"; };
		42B23A8E24DC18B700578ED5 /* EditorButtons.swift */ = {isa = PBXFileReference; fileEncoding = 4; lastKnownFileType = sourcecode.swift; path = EditorButtons.swift; sourceTree = "<group>"; };
		42B23A8F24DC18B700578ED5 /* MultilineTextField.swift */ = {isa = PBXFileReference; fileEncoding = 4; lastKnownFileType = sourcecode.swift; path = MultilineTextField.swift; sourceTree = "<group>"; };
		42B23A9024DC18B700578ED5 /* DropdownPicker.swift */ = {isa = PBXFileReference; fileEncoding = 4; lastKnownFileType = sourcecode.swift; path = DropdownPicker.swift; sourceTree = "<group>"; };
		42B23A9124DC18B700578ED5 /* BackgroundCard.swift */ = {isa = PBXFileReference; fileEncoding = 4; lastKnownFileType = sourcecode.swift; path = BackgroundCard.swift; sourceTree = "<group>"; };
		42B23A9224DC18B700578ED5 /* ImagePickerEmbed.swift */ = {isa = PBXFileReference; fileEncoding = 4; lastKnownFileType = sourcecode.swift; path = ImagePickerEmbed.swift; sourceTree = "<group>"; };
		42B23A9324DC18B700578ED5 /* DetailCard.swift */ = {isa = PBXFileReference; fileEncoding = 4; lastKnownFileType = sourcecode.swift; path = DetailCard.swift; sourceTree = "<group>"; };
		42B23A9424DC18B700578ED5 /* ContentCard.swift */ = {isa = PBXFileReference; fileEncoding = 4; lastKnownFileType = sourcecode.swift; path = ContentCard.swift; sourceTree = "<group>"; };
		42B23A9524DC18B700578ED5 /* Editor.swift */ = {isa = PBXFileReference; fileEncoding = 4; lastKnownFileType = sourcecode.swift; path = Editor.swift; sourceTree = "<group>"; };
		42B23A9624DC18B700578ED5 /* PictureContentCard.swift */ = {isa = PBXFileReference; fileEncoding = 4; lastKnownFileType = sourcecode.swift; path = PictureContentCard.swift; sourceTree = "<group>"; };
		42B23A9724DC18B700578ED5 /* Assets.xcassets */ = {isa = PBXFileReference; lastKnownFileType = folder.assetcatalog; path = Assets.xcassets; sourceTree = "<group>"; };
		42B23A9924DC18B700578ED5 /* ModuleRepository.swift */ = {isa = PBXFileReference; fileEncoding = 4; lastKnownFileType = sourcecode.swift; path = ModuleRepository.swift; sourceTree = "<group>"; };
		42B23A9A24DC18B700578ED5 /* AuthorRepository.swift */ = {isa = PBXFileReference; fileEncoding = 4; lastKnownFileType = sourcecode.swift; path = AuthorRepository.swift; sourceTree = "<group>"; };
		42B23A9B24DC18B700578ED5 /* ExampleUI.swift */ = {isa = PBXFileReference; fileEncoding = 4; lastKnownFileType = sourcecode.swift; path = ExampleUI.swift; sourceTree = "<group>"; };
		42B23A9D24DC18B700578ED5 /* File.swift */ = {isa = PBXFileReference; fileEncoding = 4; lastKnownFileType = sourcecode.swift; path = File.swift; sourceTree = "<group>"; };
		42B23A9F24DC18B700578ED5 /* AuthorStub.swift */ = {isa = PBXFileReference; fileEncoding = 4; lastKnownFileType = sourcecode.swift; path = AuthorStub.swift; sourceTree = "<group>"; };
		42B23AA024DC18B700578ED5 /* ModulesStub.swift */ = {isa = PBXFileReference; fileEncoding = 4; lastKnownFileType = sourcecode.swift; path = ModulesStub.swift; sourceTree = "<group>"; };
		42B23AA124DC18B700578ED5 /* AppsTime.swift */ = {isa = PBXFileReference; fileEncoding = 4; lastKnownFileType = sourcecode.swift; path = AppsTime.swift; sourceTree = "<group>"; };
		42B23AA224DC18B700578ED5 /* DataCenter.swift */ = {isa = PBXFileReference; fileEncoding = 4; lastKnownFileType = sourcecode.swift; path = DataCenter.swift; sourceTree = "<group>"; };
		42B23AA424DC18B700578ED5 /* Preview Assets.xcassets */ = {isa = PBXFileReference; lastKnownFileType = folder.assetcatalog; path = "Preview Assets.xcassets"; sourceTree = "<group>"; };
		42B23AA624DC18B700578ED5 /* Base */ = {isa = PBXFileReference; lastKnownFileType = file.storyboard; name = Base; path = Base.lproj/LaunchScreen.storyboard; sourceTree = "<group>"; };
		42B23AA824DC18B700578ED5 /* EncounterSectionCard.swift */ = {isa = PBXFileReference; fileEncoding = 4; lastKnownFileType = sourcecode.swift; path = EncounterSectionCard.swift; sourceTree = "<group>"; };
		42B23AAA24DC18B700578ED5 /* EnvironmentDetailCard.swift */ = {isa = PBXFileReference; fileEncoding = 4; lastKnownFileType = sourcecode.swift; path = EnvironmentDetailCard.swift; sourceTree = "<group>"; };
		42B23AAB24DC18B700578ED5 /* EncounterEnvironmentDetail.swift */ = {isa = PBXFileReference; fileEncoding = 4; lastKnownFileType = sourcecode.swift; path = EncounterEnvironmentDetail.swift; sourceTree = "<group>"; };
		42B23AAC24DC18B700578ED5 /* EncounterEnvironment.swift */ = {isa = PBXFileReference; fileEncoding = 4; lastKnownFileType = sourcecode.swift; path = EncounterEnvironment.swift; sourceTree = "<group>"; };
		42B23AAD24DC18B700578ED5 /* EncounterEnvironmentEdit.swift */ = {isa = PBXFileReference; fileEncoding = 4; lastKnownFileType = sourcecode.swift; path = EncounterEnvironmentEdit.swift; sourceTree = "<group>"; };
		42B23AAE24DC18B700578ED5 /* EnvironmentOverviewCard.swift */ = {isa = PBXFileReference; fileEncoding = 4; lastKnownFileType = sourcecode.swift; path = EnvironmentOverviewCard.swift; sourceTree = "<group>"; };
		42B23AAF24DC18B700578ED5 /* EncounterEnvironmentList.swift */ = {isa = PBXFileReference; fileEncoding = 4; lastKnownFileType = sourcecode.swift; path = EncounterEnvironmentList.swift; sourceTree = "<group>"; };
		42B23AB124DC18B700578ED5 /* EncounterNotesDetail.swift */ = {isa = PBXFileReference; fileEncoding = 4; lastKnownFileType = sourcecode.swift; path = EncounterNotesDetail.swift; sourceTree = "<group>"; };
		42B23AB224DC18B700578ED5 /* EncounterNotesEdit.swift */ = {isa = PBXFileReference; fileEncoding = 4; lastKnownFileType = sourcecode.swift; path = EncounterNotesEdit.swift; sourceTree = "<group>"; };
		42B23AB324DC18B700578ED5 /* EncounterNotes.swift */ = {isa = PBXFileReference; fileEncoding = 4; lastKnownFileType = sourcecode.swift; path = EncounterNotes.swift; sourceTree = "<group>"; };
		42B23AB524DC18B700578ED5 /* EncounterTreasureDetail.swift */ = {isa = PBXFileReference; fileEncoding = 4; lastKnownFileType = sourcecode.swift; path = EncounterTreasureDetail.swift; sourceTree = "<group>"; };
		42B23AB624DC18B700578ED5 /* EncounterTreasure.swift */ = {isa = PBXFileReference; fileEncoding = 4; lastKnownFileType = sourcecode.swift; path = EncounterTreasure.swift; sourceTree = "<group>"; };
		42B23AB724DC18B700578ED5 /* TreasureEditForms.swift */ = {isa = PBXFileReference; fileEncoding = 4; lastKnownFileType = sourcecode.swift; path = TreasureEditForms.swift; sourceTree = "<group>"; };
		42B23AB824DC18B700578ED5 /* TreasureDetailCard.swift */ = {isa = PBXFileReference; fileEncoding = 4; lastKnownFileType = sourcecode.swift; path = TreasureDetailCard.swift; sourceTree = "<group>"; };
		42B23AB924DC18B700578ED5 /* EncounterTreasureList.swift */ = {isa = PBXFileReference; fileEncoding = 4; lastKnownFileType = sourcecode.swift; path = EncounterTreasureList.swift; sourceTree = "<group>"; };
		42B23ABA24DC18B700578ED5 /* EncounterTreasureEdit.swift */ = {isa = PBXFileReference; fileEncoding = 4; lastKnownFileType = sourcecode.swift; path = EncounterTreasureEdit.swift; sourceTree = "<group>"; };
		42B23ABC24DC18B700578ED5 /* EncounterRAT.swift */ = {isa = PBXFileReference; fileEncoding = 4; lastKnownFileType = sourcecode.swift; path = EncounterRAT.swift; sourceTree = "<group>"; };
		42B23ABD24DC18B700578ED5 /* EncounterRATList.swift */ = {isa = PBXFileReference; fileEncoding = 4; lastKnownFileType = sourcecode.swift; path = EncounterRATList.swift; sourceTree = "<group>"; };
		42B23ABE24DC18B700578ED5 /* EncounterRATDetail.swift */ = {isa = PBXFileReference; fileEncoding = 4; lastKnownFileType = sourcecode.swift; path = EncounterRATDetail.swift; sourceTree = "<group>"; };
		42B23ABF24DC18B700578ED5 /* EncounterRATEdit.swift */ = {isa = PBXFileReference; fileEncoding = 4; lastKnownFileType = sourcecode.swift; path = EncounterRATEdit.swift; sourceTree = "<group>"; };
		42B23AC124DC18B700578ED5 /* EncounterTraps.swift */ = {isa = PBXFileReference; fileEncoding = 4; lastKnownFileType = sourcecode.swift; path = EncounterTraps.swift; sourceTree = "<group>"; };
		42B23AC224DC18B700578ED5 /* EncounterTrapsList.swift */ = {isa = PBXFileReference; fileEncoding = 4; lastKnownFileType = sourcecode.swift; path = EncounterTrapsList.swift; sourceTree = "<group>"; };
		42B23AC324DC18B700578ED5 /* EncounterTrapsDetail.swift */ = {isa = PBXFileReference; fileEncoding = 4; lastKnownFileType = sourcecode.swift; path = EncounterTrapsDetail.swift; sourceTree = "<group>"; };
		42B23AC424DC18B700578ED5 /* TrapContentCard.swift */ = {isa = PBXFileReference; fileEncoding = 4; lastKnownFileType = sourcecode.swift; path = TrapContentCard.swift; sourceTree = "<group>"; };
		42B23AC524DC18B700578ED5 /* EncounterTrapsEdit.swift */ = {isa = PBXFileReference; fileEncoding = 4; lastKnownFileType = sourcecode.swift; path = EncounterTrapsEdit.swift; sourceTree = "<group>"; };
		42B23AC624DC18B700578ED5 /* EncounterHeader.swift */ = {isa = PBXFileReference; fileEncoding = 4; lastKnownFileType = sourcecode.swift; path = EncounterHeader.swift; sourceTree = "<group>"; };
		42B23AC824DC18B700578ED5 /* EncounterMaps.swift */ = {isa = PBXFileReference; fileEncoding = 4; lastKnownFileType = sourcecode.swift; path = EncounterMaps.swift; sourceTree = "<group>"; };
		42B23AC924DC18B700578ED5 /* EncounterMapsList.swift */ = {isa = PBXFileReference; fileEncoding = 4; lastKnownFileType = sourcecode.swift; path = EncounterMapsList.swift; sourceTree = "<group>"; };
		42B23ACA24DC18B700578ED5 /* EncounterMapsDetail.swift */ = {isa = PBXFileReference; fileEncoding = 4; lastKnownFileType = sourcecode.swift; path = EncounterMapsDetail.swift; sourceTree = "<group>"; };
		42B23ACB24DC18B700578ED5 /* EncounterMapsEdit.swift */ = {isa = PBXFileReference; fileEncoding = 4; lastKnownFileType = sourcecode.swift; path = EncounterMapsEdit.swift; sourceTree = "<group>"; };
		42B23ACD24DC18B700578ED5 /* EncounterNPCList.swift */ = {isa = PBXFileReference; fileEncoding = 4; lastKnownFileType = sourcecode.swift; path = EncounterNPCList.swift; sourceTree = "<group>"; };
		42B23ACE24DC18B700578ED5 /* EncounterNPCEdit.swift */ = {isa = PBXFileReference; fileEncoding = 4; lastKnownFileType = sourcecode.swift; path = EncounterNPCEdit.swift; sourceTree = "<group>"; };
		42B23ACF24DC18B700578ED5 /* EncounterNPCDetail.swift */ = {isa = PBXFileReference; fileEncoding = 4; lastKnownFileType = sourcecode.swift; path = EncounterNPCDetail.swift; sourceTree = "<group>"; };
		42B23AD024DC18B700578ED5 /* EncounterNPC.swift */ = {isa = PBXFileReference; fileEncoding = 4; lastKnownFileType = sourcecode.swift; path = EncounterNPC.swift; sourceTree = "<group>"; };
		42B23AD124DC18B700578ED5 /* EncounterExpanded.swift */ = {isa = PBXFileReference; fileEncoding = 4; lastKnownFileType = sourcecode.swift; path = EncounterExpanded.swift; sourceTree = "<group>"; };
		42B23AD324DC18B700578ED5 /* EncounterMonsters.swift */ = {isa = PBXFileReference; fileEncoding = 4; lastKnownFileType = sourcecode.swift; path = EncounterMonsters.swift; sourceTree = "<group>"; };
		42B23AD424DC18B700578ED5 /* EncounterMonstersEdit.swift */ = {isa = PBXFileReference; fileEncoding = 4; lastKnownFileType = sourcecode.swift; path = EncounterMonstersEdit.swift; sourceTree = "<group>"; };
		42B23AD524DC18B700578ED5 /* EncounterMonstersDetail.swift */ = {isa = PBXFileReference; fileEncoding = 4; lastKnownFileType = sourcecode.swift; path = EncounterMonstersDetail.swift; sourceTree = "<group>"; };
		42B23AD624DC18B700578ED5 /* EncounterMonstersList.swift */ = {isa = PBXFileReference; fileEncoding = 4; lastKnownFileType = sourcecode.swift; path = EncounterMonstersList.swift; sourceTree = "<group>"; };
		42B23AD724DC18B700578ED5 /* EncounterEdit.swift */ = {isa = PBXFileReference; fileEncoding = 4; lastKnownFileType = sourcecode.swift; path = EncounterEdit.swift; sourceTree = "<group>"; };
		42B23AD924DC18B700578ED5 /* EncounterPOIEdit.swift */ = {isa = PBXFileReference; fileEncoding = 4; lastKnownFileType = sourcecode.swift; path = EncounterPOIEdit.swift; sourceTree = "<group>"; };
		42B23ADA24DC18B700578ED5 /* EncounterPOIList.swift */ = {isa = PBXFileReference; fileEncoding = 4; lastKnownFileType = sourcecode.swift; path = EncounterPOIList.swift; sourceTree = "<group>"; };
		42B23ADB24DC18B700578ED5 /* EncounterPOIDetail.swift */ = {isa = PBXFileReference; fileEncoding = 4; lastKnownFileType = sourcecode.swift; path = EncounterPOIDetail.swift; sourceTree = "<group>"; };
		42B23ADC24DC18B700578ED5 /* EncounterPOI.swift */ = {isa = PBXFileReference; fileEncoding = 4; lastKnownFileType = sourcecode.swift; path = EncounterPOI.swift; sourceTree = "<group>"; };
		42B23ADE24DC18B700578ED5 /* Underline.swift */ = {isa = PBXFileReference; fileEncoding = 4; lastKnownFileType = sourcecode.swift; path = Underline.swift; sourceTree = "<group>"; };
		42B23AE024DC18B700578ED5 /* ProfilePicture.swift */ = {isa = PBXFileReference; fileEncoding = 4; lastKnownFileType = sourcecode.swift; path = ProfilePicture.swift; sourceTree = "<group>"; };
		42B23AE224DC18B700578ED5 /* BackButton.swift */ = {isa = PBXFileReference; fileEncoding = 4; lastKnownFileType = sourcecode.swift; path = BackButton.swift; sourceTree = "<group>"; };
		42B23AE324DC18B700578ED5 /* ApplicationActionButton.swift */ = {isa = PBXFileReference; fileEncoding = 4; lastKnownFileType = sourcecode.swift; path = ApplicationActionButton.swift; sourceTree = "<group>"; };
		42B23AE524DC18B700578ED5 /* ProfileSection.swift */ = {isa = PBXFileReference; fileEncoding = 4; lastKnownFileType = sourcecode.swift; path = ProfileSection.swift; sourceTree = "<group>"; };
		42B23AE724DC18B700578ED5 /* HeaderName.swift */ = {isa = PBXFileReference; fileEncoding = 4; lastKnownFileType = sourcecode.swift; path = HeaderName.swift; sourceTree = "<group>"; };
		42B23AE824DC18B700578ED5 /* CategoryIcon.swift */ = {isa = PBXFileReference; fileEncoding = 4; lastKnownFileType = sourcecode.swift; path = CategoryIcon.swift; sourceTree = "<group>"; };
		42B23AE924DC18B700578ED5 /* searchBar.swift */ = {isa = PBXFileReference; fileEncoding = 4; lastKnownFileType = sourcecode.swift; path = searchBar.swift; sourceTree = "<group>"; };
		42B23AEA24DC18B700578ED5 /* PopularCarousel.swift */ = {isa = PBXFileReference; fileEncoding = 4; lastKnownFileType = sourcecode.swift; path = PopularCarousel.swift; sourceTree = "<group>"; };
		42B23AEB24DC18B700578ED5 /* TestingCard.swift */ = {isa = PBXFileReference; fileEncoding = 4; lastKnownFileType = sourcecode.swift; path = TestingCard.swift; sourceTree = "<group>"; };
		42B23AEC24DC18B700578ED5 /* ListOfModules.swift */ = {isa = PBXFileReference; fileEncoding = 4; lastKnownFileType = sourcecode.swift; path = ListOfModules.swift; sourceTree = "<group>"; };
		42B23AED24DC18B700578ED5 /* ModuleGenreCard.swift */ = {isa = PBXFileReference; fileEncoding = 4; lastKnownFileType = sourcecode.swift; path = ModuleGenreCard.swift; sourceTree = "<group>"; };
		42B23AEE24DC18B700578ED5 /* RecentCarousel.swift */ = {isa = PBXFileReference; fileEncoding = 4; lastKnownFileType = sourcecode.swift; path = RecentCarousel.swift; sourceTree = "<group>"; };
		42B23AEF24DC18B700578ED5 /* ModuleListScroll.swift */ = {isa = PBXFileReference; fileEncoding = 4; lastKnownFileType = sourcecode.swift; path = ModuleListScroll.swift; sourceTree = "<group>"; };
		42B23AF024DC18B700578ED5 /* GenreSection.swift */ = {isa = PBXFileReference; fileEncoding = 4; lastKnownFileType = sourcecode.swift; path = GenreSection.swift; sourceTree = "<group>"; };
		42B23AF124DC18B700578ED5 /* ModuleEmptyState.swift */ = {isa = PBXFileReference; fileEncoding = 4; lastKnownFileType = sourcecode.swift; path = ModuleEmptyState.swift; sourceTree = "<group>"; };
		42B23AF324DC18B700578ED5 /* ContentText.swift */ = {isa = PBXFileReference; fileEncoding = 4; lastKnownFileType = sourcecode.swift; path = ContentText.swift; sourceTree = "<group>"; };
		42B23AF424DC18B700578ED5 /* TimeText.swift */ = {isa = PBXFileReference; fileEncoding = 4; lastKnownFileType = sourcecode.swift; path = TimeText.swift; sourceTree = "<group>"; };
		42B23AF524DC18B700578ED5 /* TitleText.swift */ = {isa = PBXFileReference; fileEncoding = 4; lastKnownFileType = sourcecode.swift; path = TitleText.swift; sourceTree = "<group>"; };
		42B23AF724DC18B700578ED5 /* FavouriteBase.swift */ = {isa = PBXFileReference; fileEncoding = 4; lastKnownFileType = sourcecode.swift; path = FavouriteBase.swift; sourceTree = "<group>"; };
		42B23AF824DC18B700578ED5 /* ModalCard.swift */ = {isa = PBXFileReference; fileEncoding = 4; lastKnownFileType = sourcecode.swift; path = ModalCard.swift; sourceTree = "<group>"; };
		42B23AF924DC18B700578ED5 /* NavigationModalTemplate.swift */ = {isa = PBXFileReference; fileEncoding = 4; lastKnownFileType = sourcecode.swift; path = NavigationModalTemplate.swift; sourceTree = "<group>"; };
		42B23AFA24DC18B700578ED5 /* ModalHeading.swift */ = {isa = PBXFileReference; fileEncoding = 4; lastKnownFileType = sourcecode.swift; path = ModalHeading.swift; sourceTree = "<group>"; };
		42B23AFB24DC18B700578ED5 /* BrowseBase.swift */ = {isa = PBXFileReference; fileEncoding = 4; lastKnownFileType = sourcecode.swift; path = BrowseBase.swift; sourceTree = "<group>"; };
		42B23AFC24DC18B700578ED5 /* MC3.entitlements */ = {isa = PBXFileReference; fileEncoding = 4; lastKnownFileType = text.plist.entitlements; path = MC3.entitlements; sourceTree = "<group>"; };
		42B23B0024DC18B700578ED5 /* Monster.swift */ = {isa = PBXFileReference; fileEncoding = 4; lastKnownFileType = sourcecode.swift; path = Monster.swift; sourceTree = "<group>"; };
		42B23B0124DC18B700578ED5 /* Treasure.swift */ = {isa = PBXFileReference; fileEncoding = 4; lastKnownFileType = sourcecode.swift; path = Treasure.swift; sourceTree = "<group>"; };
		42B23B0224DC18B700578ED5 /* ReadAloudText.swift */ = {isa = PBXFileReference; fileEncoding = 4; lastKnownFileType = sourcecode.swift; path = ReadAloudText.swift; sourceTree = "<group>"; };
		42B23B0324DC18B700578ED5 /* Trap.swift */ = {isa = PBXFileReference; fileEncoding = 4; lastKnownFileType = sourcecode.swift; path = Trap.swift; sourceTree = "<group>"; };
		42B23B0424DC18B700578ED5 /* Notes.swift */ = {isa = PBXFileReference; fileEncoding = 4; lastKnownFileType = sourcecode.swift; path = Notes.swift; sourceTree = "<group>"; };
		42B23B0524DC18B700578ED5 /* Maps.swift */ = {isa = PBXFileReference; fileEncoding = 4; lastKnownFileType = sourcecode.swift; path = Maps.swift; sourceTree = "<group>"; };
		42B23B0624DC18B700578ED5 /* NPC.swift */ = {isa = PBXFileReference; fileEncoding = 4; lastKnownFileType = sourcecode.swift; path = NPC.swift; sourceTree = "<group>"; };
		42B23B0724DC18B700578ED5 /* POI.swift */ = {isa = PBXFileReference; fileEncoding = 4; lastKnownFileType = sourcecode.swift; path = POI.swift; sourceTree = "<group>"; };
		42B23B0824DC18B700578ED5 /* ModuleContent.swift */ = {isa = PBXFileReference; fileEncoding = 4; lastKnownFileType = sourcecode.swift; path = ModuleContent.swift; sourceTree = "<group>"; };
		42B23B0924DC18B700578ED5 /* Overview.swift */ = {isa = PBXFileReference; fileEncoding = 4; lastKnownFileType = sourcecode.swift; path = Overview.swift; sourceTree = "<group>"; };
		42B23B0A24DC18B700578ED5 /* EnvironmentModel.swift */ = {isa = PBXFileReference; fileEncoding = 4; lastKnownFileType = sourcecode.swift; path = EnvironmentModel.swift; sourceTree = "<group>"; };
		42B23B0B24DC18B700578ED5 /* Encounter.swift */ = {isa = PBXFileReference; fileEncoding = 4; lastKnownFileType = sourcecode.swift; path = Encounter.swift; sourceTree = "<group>"; };
		42B23B0C24DC18B700578ED5 /* MainNotes.swift */ = {isa = PBXFileReference; fileEncoding = 4; lastKnownFileType = sourcecode.swift; path = MainNotes.swift; sourceTree = "<group>"; };
		42B23B0D24DC18B700578ED5 /* Model.swift */ = {isa = PBXFileReference; fileEncoding = 4; lastKnownFileType = sourcecode.swift; path = Model.swift; sourceTree = "<group>"; };
		42B23B0E24DC18B700578ED5 /* AuthorModel.swift */ = {isa = PBXFileReference; fileEncoding = 4; lastKnownFileType = sourcecode.swift; path = AuthorModel.swift; sourceTree = "<group>"; };
		42B23B0F24DC18B700578ED5 /* ModuleModel.swift */ = {isa = PBXFileReference; fileEncoding = 4; lastKnownFileType = sourcecode.swift; path = ModuleModel.swift; sourceTree = "<group>"; };
		42B23B1124DC18B700578ED5 /* LoginPage.swift */ = {isa = PBXFileReference; fileEncoding = 4; lastKnownFileType = sourcecode.swift; path = LoginPage.swift; sourceTree = "<group>"; };
		42B23B1224DC18B700578ED5 /* ModuleInfo.swift */ = {isa = PBXFileReference; fileEncoding = 4; lastKnownFileType = sourcecode.swift; path = ModuleInfo.swift; sourceTree = "<group>"; };
		42B23B1324DC18B700578ED5 /* AppDelegate.swift */ = {isa = PBXFileReference; fileEncoding = 4; lastKnownFileType = sourcecode.swift; path = AppDelegate.swift; sourceTree = "<group>"; };
		42B23B1424DC18B700578ED5 /* HostingController.swift */ = {isa = PBXFileReference; fileEncoding = 4; lastKnownFileType = sourcecode.swift; path = HostingController.swift; sourceTree = "<group>"; };
		42B23B1624DC18B700578ED5 /* Register.storyboard */ = {isa = PBXFileReference; fileEncoding = 4; lastKnownFileType = file.storyboard; path = Register.storyboard; sourceTree = "<group>"; };
		42B23B1724DC18B700578ED5 /* Login.storyboard */ = {isa = PBXFileReference; fileEncoding = 4; lastKnownFileType = file.storyboard; path = Login.storyboard; sourceTree = "<group>"; };
		42B23B1824DC18B700578ED5 /* loginViewController.swift */ = {isa = PBXFileReference; fileEncoding = 4; lastKnownFileType = sourcecode.swift; path = loginViewController.swift; sourceTree = "<group>"; };
		42B23B1924DC18B700578ED5 /* TextFieldCustom.swift */ = {isa = PBXFileReference; fileEncoding = 4; lastKnownFileType = sourcecode.swift; path = TextFieldCustom.swift; sourceTree = "<group>"; };
		42B23B1A24DC18B700578ED5 /* registerViewController.swift */ = {isa = PBXFileReference; fileEncoding = 4; lastKnownFileType = sourcecode.swift; path = registerViewController.swift; sourceTree = "<group>"; };
		42B23B1C24DC18B700578ED5 /* SceneDelegate.swift */ = {isa = PBXFileReference; fileEncoding = 4; lastKnownFileType = sourcecode.swift; path = SceneDelegate.swift; sourceTree = "<group>"; };
		42B23BA924DC26B100578ED5 /* AddModule.swift */ = {isa = PBXFileReference; lastKnownFileType = sourcecode.swift; path = AddModule.swift; sourceTree = "<group>"; };
		42B5312524DCC6E6002C7F46 /* AddModuleVM.swift */ = {isa = PBXFileReference; lastKnownFileType = sourcecode.swift; path = AddModuleVM.swift; sourceTree = "<group>"; };
		42E54FF424DB1600008D0E0B /* CloudKit.framework */ = {isa = PBXFileReference; lastKnownFileType = wrapper.framework; name = CloudKit.framework; path = System/Library/Frameworks/CloudKit.framework; sourceTree = SDKROOT; };
		BCB36AD324D01FB70088321A /* MC3.app */ = {isa = PBXFileReference; explicitFileType = wrapper.application; includeInIndex = 0; path = MC3.app; sourceTree = BUILT_PRODUCTS_DIR; };
		BCD02F2424E02F0D00559238 /* UIImagePickerEmbed.swift */ = {isa = PBXFileReference; lastKnownFileType = sourcecode.swift; path = UIImagePickerEmbed.swift; sourceTree = "<group>"; };
		BCF536A424DC31D700B156F8 /* OverviewCard.swift */ = {isa = PBXFileReference; lastKnownFileType = sourcecode.swift; path = OverviewCard.swift; sourceTree = "<group>"; };
		BCF536AA24DC453A00B156F8 /* UploadImageButton.swift */ = {isa = PBXFileReference; lastKnownFileType = sourcecode.swift; path = UploadImageButton.swift; sourceTree = "<group>"; };
/* End PBXFileReference section */

/* Begin PBXFrameworksBuildPhase section */
		BCB36AD024D01FB70088321A /* Frameworks */ = {
			isa = PBXFrameworksBuildPhase;
			buildActionMask = 2147483647;
			files = (
				42E54FF524DB1600008D0E0B /* CloudKit.framework in Frameworks */,
			);
			runOnlyForDeploymentPostprocessing = 0;
		};
/* End PBXFrameworksBuildPhase section */

/* Begin PBXGroup section */
		4241A6C124DD433D0004B0A5 /* Recovered References */ = {
			isa = PBXGroup;
			children = (
				42B23AAE24DC18B700578ED5 /* EnvironmentOverviewCard.swift */,
				42B23AC924DC18B700578ED5 /* EncounterMapsList.swift */,
				42B23AC824DC18B700578ED5 /* EncounterMaps.swift */,
				42B23AD424DC18B700578ED5 /* EncounterMonstersEdit.swift */,
				42B23AB124DC18B700578ED5 /* EncounterNotesDetail.swift */,
				42B23AD724DC18B700578ED5 /* EncounterEdit.swift */,
				42B23ACE24DC18B700578ED5 /* EncounterNPCEdit.swift */,
				42B23AB224DC18B700578ED5 /* EncounterNotesEdit.swift */,
				42B23AC324DC18B700578ED5 /* EncounterTrapsDetail.swift */,
				42B23ACF24DC18B700578ED5 /* EncounterNPCDetail.swift */,
				42B23ABE24DC18B700578ED5 /* EncounterRATDetail.swift */,
				42B23AA824DC18B700578ED5 /* EncounterSectionCard.swift */,
				42B23AB524DC18B700578ED5 /* EncounterTreasureDetail.swift */,
				42B23AB624DC18B700578ED5 /* EncounterTreasure.swift */,
				42B23AD324DC18B700578ED5 /* EncounterMonsters.swift */,
				42B23AAF24DC18B700578ED5 /* EncounterEnvironmentList.swift */,
				42B23ABA24DC18B700578ED5 /* EncounterTreasureEdit.swift */,
				42B23AB924DC18B700578ED5 /* EncounterTreasureList.swift */,
				42B23AC524DC18B700578ED5 /* EncounterTrapsEdit.swift */,
				42B23AB824DC18B700578ED5 /* TreasureDetailCard.swift */,
				42B23AAA24DC18B700578ED5 /* EnvironmentDetailCard.swift */,
				42B23ABF24DC18B700578ED5 /* EncounterRATEdit.swift */,
				42B23ADB24DC18B700578ED5 /* EncounterPOIDetail.swift */,
				42B23ABD24DC18B700578ED5 /* EncounterRATList.swift */,
				42B23AD924DC18B700578ED5 /* EncounterPOIEdit.swift */,
				42B23AC424DC18B700578ED5 /* TrapContentCard.swift */,
				42B23AAD24DC18B700578ED5 /* EncounterEnvironmentEdit.swift */,
				42B23ACA24DC18B700578ED5 /* EncounterMapsDetail.swift */,
				42B23AC124DC18B700578ED5 /* EncounterTraps.swift */,
				42B23AB724DC18B700578ED5 /* TreasureEditForms.swift */,
				42B23ACD24DC18B700578ED5 /* EncounterNPCList.swift */,
				42B23AAB24DC18B700578ED5 /* EncounterEnvironmentDetail.swift */,
				42B23AAC24DC18B700578ED5 /* EncounterEnvironment.swift */,
				42B23AD524DC18B700578ED5 /* EncounterMonstersDetail.swift */,
				42B23AC224DC18B700578ED5 /* EncounterTrapsList.swift */,
				42B23ADC24DC18B700578ED5 /* EncounterPOI.swift */,
				42B23ABC24DC18B700578ED5 /* EncounterRAT.swift */,
				42B23AD624DC18B700578ED5 /* EncounterMonstersList.swift */,
				42B23AD124DC18B700578ED5 /* EncounterExpanded.swift */,
				42B23AD024DC18B700578ED5 /* EncounterNPC.swift */,
				42B23ADA24DC18B700578ED5 /* EncounterPOIList.swift */,
				42B23AC624DC18B700578ED5 /* EncounterHeader.swift */,
				42B23AB324DC18B700578ED5 /* EncounterNotes.swift */,
				42B23ACB24DC18B700578ED5 /* EncounterMapsEdit.swift */,
			);
			name = "Recovered References";
			sourceTree = "<group>";
		};
		426B35FD24DD4FA200F7CC4A /* Encounter */ = {
			isa = PBXGroup;
			children = (
				426B35FE24DD4FA200F7CC4A /* EncounterSectionCard.swift */,
				426B362724DD4FA200F7CC4A /* EncounterExpanded.swift */,
				426B361C24DD4FA200F7CC4A /* EncounterHeader.swift */,
				426B362D24DD4FA200F7CC4A /* EncounterEdit.swift */,
				426B35FF24DD4FA200F7CC4A /* 1 - Environment */,
				426B360624DD4FA200F7CC4A /* 9 - Notes */,
				426B360A24DD4FA200F7CC4A /* 8 - Treasure */,
				426B361124DD4FA200F7CC4A /* 7 - RAT */,
				426B361624DD4FA200F7CC4A /* 2 - Traps */,
				426B361D24DD4FA200F7CC4A /* 3 - Maps */,
				426B362224DD4FA200F7CC4A /* 5 - NPC */,
				426B362824DD4FA200F7CC4A /* 6 - Monsters */,
				426B362E24DD4FA200F7CC4A /* 4 - POI */,
			);
			path = Encounter;
			sourceTree = "<group>";
		};
		426B35FF24DD4FA200F7CC4A /* 1 - Environment */ = {
			isa = PBXGroup;
			children = (
				426B360024DD4FA200F7CC4A /* EnvironmentDetailCard.swift */,
				426B360124DD4FA200F7CC4A /* EncounterEnvironmentDetail.swift */,
				426B360224DD4FA200F7CC4A /* EncounterEnvironment.swift */,
				426B360324DD4FA200F7CC4A /* EncounterEnvironmentEdit.swift */,
				426B360424DD4FA200F7CC4A /* EnvironmentOverviewCard.swift */,
				426B360524DD4FA200F7CC4A /* EncounterEnvironmentList.swift */,
			);
			path = "1 - Environment";
			sourceTree = "<group>";
		};
		426B360624DD4FA200F7CC4A /* 9 - Notes */ = {
			isa = PBXGroup;
			children = (
				426B360724DD4FA200F7CC4A /* EncounterNotesDetail.swift */,
				426B360824DD4FA200F7CC4A /* EncounterNotesEdit.swift */,
				426B360924DD4FA200F7CC4A /* EncounterNotes.swift */,
			);
			path = "9 - Notes";
			sourceTree = "<group>";
		};
		426B360A24DD4FA200F7CC4A /* 8 - Treasure */ = {
			isa = PBXGroup;
			children = (
				426B360B24DD4FA200F7CC4A /* EncounterTreasureDetail.swift */,
				426B360C24DD4FA200F7CC4A /* EncounterTreasure.swift */,
				426B360D24DD4FA200F7CC4A /* TreasureEditForms.swift */,
				426B360E24DD4FA200F7CC4A /* TreasureDetailCard.swift */,
				426B360F24DD4FA200F7CC4A /* EncounterTreasureList.swift */,
				426B361024DD4FA200F7CC4A /* EncounterTreasureEdit.swift */,
			);
			path = "8 - Treasure";
			sourceTree = "<group>";
		};
		426B361124DD4FA200F7CC4A /* 7 - RAT */ = {
			isa = PBXGroup;
			children = (
				426B361224DD4FA200F7CC4A /* EncounterRAT.swift */,
				426B361324DD4FA200F7CC4A /* EncounterRATList.swift */,
				426B361424DD4FA200F7CC4A /* EncounterRATDetail.swift */,
				426B361524DD4FA200F7CC4A /* EncounterRATEdit.swift */,
			);
			path = "7 - RAT";
			sourceTree = "<group>";
		};
		426B361624DD4FA200F7CC4A /* 2 - Traps */ = {
			isa = PBXGroup;
			children = (
				426B361724DD4FA200F7CC4A /* EncounterTraps.swift */,
				426B361824DD4FA200F7CC4A /* EncounterTrapsList.swift */,
				426B361924DD4FA200F7CC4A /* EncounterTrapsDetail.swift */,
				426B361A24DD4FA200F7CC4A /* TrapContentCard.swift */,
				426B361B24DD4FA200F7CC4A /* EncounterTrapsEdit.swift */,
			);
			path = "2 - Traps";
			sourceTree = "<group>";
		};
		426B361D24DD4FA200F7CC4A /* 3 - Maps */ = {
			isa = PBXGroup;
			children = (
				426B361E24DD4FA200F7CC4A /* EncounterMaps.swift */,
				426B361F24DD4FA200F7CC4A /* EncounterMapsList.swift */,
				426B362024DD4FA200F7CC4A /* EncounterMapsDetail.swift */,
				426B362124DD4FA200F7CC4A /* EncounterMapsEdit.swift */,
			);
			path = "3 - Maps";
			sourceTree = "<group>";
		};
		426B362224DD4FA200F7CC4A /* 5 - NPC */ = {
			isa = PBXGroup;
			children = (
				426B362324DD4FA200F7CC4A /* EncounterNPCList.swift */,
				426B362424DD4FA200F7CC4A /* EncounterNPCEdit.swift */,
				426B362524DD4FA200F7CC4A /* EncounterNPCDetail.swift */,
				426B362624DD4FA200F7CC4A /* EncounterNPC.swift */,
			);
			path = "5 - NPC";
			sourceTree = "<group>";
		};
		426B362824DD4FA200F7CC4A /* 6 - Monsters */ = {
			isa = PBXGroup;
			children = (
				426B362924DD4FA200F7CC4A /* EncounterMonsters.swift */,
				426B362A24DD4FA200F7CC4A /* EncounterMonstersEdit.swift */,
				426B362B24DD4FA200F7CC4A /* EncounterMonstersDetail.swift */,
				426B362C24DD4FA200F7CC4A /* EncounterMonstersList.swift */,
			);
			path = "6 - Monsters";
			sourceTree = "<group>";
		};
		426B362E24DD4FA200F7CC4A /* 4 - POI */ = {
			isa = PBXGroup;
			children = (
				426B362F24DD4FA200F7CC4A /* EncounterPOIEdit.swift */,
				426B363024DD4FA200F7CC4A /* EncounterPOIList.swift */,
				426B363124DD4FA200F7CC4A /* EncounterPOIDetail.swift */,
				426B363224DD4FA200F7CC4A /* EncounterPOI.swift */,
			);
			path = "4 - POI";
			sourceTree = "<group>";
		};
		42B23A6D24DC18B700578ED5 /* MC3 */ = {
			isa = PBXGroup;
			children = (
				426B35FD24DD4FA200F7CC4A /* Encounter */,
				426B35F524DD4F5B00F7CC4A /* NotesDetail.swift */,
				426B35F724DD4F5B00F7CC4A /* NotesEdit.swift */,
				426B35F624DD4F5B00F7CC4A /* OverviewDetail.swift */,
				426B35F824DD4F5B00F7CC4A /* OverviewEdit.swift */,
				42B23A6E24DC18B700578ED5 /* Color Presets.swift */,
				42B23A6F24DC18B700578ED5 /* Page */,
				42B23A8024DC18B700578ED5 /* Module Main */,
				42B23A8824DC18B700578ED5 /* Modifier */,
				42B23A8A24DC18B700578ED5 /* Example */,
				42B23A8D24DC18B700578ED5 /* UI Components */,
				42B23A9724DC18B700578ED5 /* Assets.xcassets */,
				42B23A9824DC18B700578ED5 /* Utils */,
				42B23AA324DC18B700578ED5 /* Preview Content */,
				42B23AA524DC18B700578ED5 /* LaunchScreen.storyboard */,
				42B23ADD24DC18B700578ED5 /* Components */,
				42B23AFC24DC18B700578ED5 /* MC3.entitlements */,
				42B23AFD24DC18B700578ED5 /* Model */,
				42B23B1024DC18B700578ED5 /* StoryBoardImpl */,
				42B23B1224DC18B700578ED5 /* ModuleInfo.swift */,
				42B23B1324DC18B700578ED5 /* AppDelegate.swift */,
				42B23B1424DC18B700578ED5 /* HostingController.swift */,
				42B23B1524DC18B700578ED5 /* StoryBoardFiles */,
				42B23B1C24DC18B700578ED5 /* SceneDelegate.swift */,
				4241A6C324DD48ED0004B0A5 /* Info.plist */,
			);
			path = MC3;
			sourceTree = "<group>";
		};
		42B23A6F24DC18B700578ED5 /* Page */ = {
			isa = PBXGroup;
			children = (
				42B23BA824DC26A400578ED5 /* Module */,
				42B23A7024DC18B700578ED5 /* BrowseView */,
				42B23A7324DC18B700578ED5 /* Profile */,
				42B23A7A24DC18B700578ED5 /* MainView */,
				42B23A7F24DC18B700578ED5 /* ContentView.swift */,
			);
			path = Page;
			sourceTree = "<group>";
		};
		42B23A7024DC18B700578ED5 /* BrowseView */ = {
			isa = PBXGroup;
			children = (
				42B23A7124DC18B700578ED5 /* SearchModuleView.swift */,
				42B23A7224DC18B700578ED5 /* BrowseByGenre.swift */,
			);
			path = BrowseView;
			sourceTree = "<group>";
		};
		42B23A7324DC18B700578ED5 /* Profile */ = {
			isa = PBXGroup;
			children = (
				42B23A7424DC18B700578ED5 /* FeedBackPage.swift */,
				42B23A7524DC18B700578ED5 /* SocialMediaPage.swift */,
				42B23A7624DC18B700578ED5 /* ProfileCardPage.swift */,
				42B23A7724DC18B700578ED5 /* ProfilePage.swift */,
				42B23A7824DC18B700578ED5 /* ChangePasswordPage.swift */,
				42B23A7924DC18B700578ED5 /* EditProfilePage.swift */,
			);
			path = Profile;
			sourceTree = "<group>";
		};
		42B23A7A24DC18B700578ED5 /* MainView */ = {
			isa = PBXGroup;
			children = (
				42B23A7B24DC18B700578ED5 /* MyModuleView.swift */,
				42B23A7C24DC18B700578ED5 /* BrowseView.swift */,
				42B23A7D24DC18B700578ED5 /* SavedModuleView.swift */,
				42B23A7E24DC18B700578ED5 /* MainView.swift */,
			);
			path = MainView;
			sourceTree = "<group>";
		};
		42B23A8024DC18B700578ED5 /* Module Main */ = {
			isa = PBXGroup;
			children = (
				42B23A8124DC18B700578ED5 /* OverviewMain.swift */,
				42B23A8224DC18B700578ED5 /* NotesMain.swift */,
				42B23A8324DC18B700578ED5 /* DMScreenMain.swift */,
				42B23A8424DC18B700578ED5 /* ModuleMain.swift */,
				42B23A8524DC18B700578ED5 /* ModuleHeader.swift */,
				42B23A8624DC18B700578ED5 /* ModuleSegment.swift */,
				42B23A8724DC18B700578ED5 /* EncounterMain.swift */,
			);
			path = "Module Main";
			sourceTree = "<group>";
		};
		42B23A8824DC18B700578ED5 /* Modifier */ = {
			isa = PBXGroup;
			children = (
				42B23A8924DC18B700578ED5 /* PageTransitionModifier.swift */,
			);
			path = Modifier;
			sourceTree = "<group>";
		};
		42B23A8A24DC18B700578ED5 /* Example */ = {
			isa = PBXGroup;
			children = (
				42B23A8B24DC18B700578ED5 /* DropdownPickerExample.swift */,
				42B23A8C24DC18B700578ED5 /* ImagePickerEmbedExample.swift */,
			);
			path = Example;
			sourceTree = "<group>";
		};
		42B23A8D24DC18B700578ED5 /* UI Components */ = {
			isa = PBXGroup;
			children = (
				BCF536A424DC31D700B156F8 /* OverviewCard.swift */,
				BCF536AA24DC453A00B156F8 /* UploadImageButton.swift */,
				42B23A8E24DC18B700578ED5 /* EditorButtons.swift */,
				42B23A8F24DC18B700578ED5 /* MultilineTextField.swift */,
				42B23A9024DC18B700578ED5 /* DropdownPicker.swift */,
				42B23A9124DC18B700578ED5 /* BackgroundCard.swift */,
				42B23A9224DC18B700578ED5 /* ImagePickerEmbed.swift */,
				BCD02F2424E02F0D00559238 /* UIImagePickerEmbed.swift */,
				42B23A9324DC18B700578ED5 /* DetailCard.swift */,
				42B23A9424DC18B700578ED5 /* ContentCard.swift */,
				42B23A9524DC18B700578ED5 /* Editor.swift */,
				42B23A9624DC18B700578ED5 /* PictureContentCard.swift */,
			);
			path = "UI Components";
			sourceTree = "<group>";
		};
		42B23A9824DC18B700578ED5 /* Utils */ = {
			isa = PBXGroup;
			children = (
				42B23A9924DC18B700578ED5 /* ModuleRepository.swift */,
				42B23A9A24DC18B700578ED5 /* AuthorRepository.swift */,
				42B23A9B24DC18B700578ED5 /* ExampleUI.swift */,
				42B23A9C24DC18B700578ED5 /* constant */,
				42B23A9E24DC18B700578ED5 /* Stub */,
				42B23AA124DC18B700578ED5 /* AppsTime.swift */,
				42B23AA224DC18B700578ED5 /* DataCenter.swift */,
			);
			path = Utils;
			sourceTree = "<group>";
		};
		42B23A9C24DC18B700578ED5 /* constant */ = {
			isa = PBXGroup;
			children = (
				42B23A9D24DC18B700578ED5 /* File.swift */,
			);
			path = constant;
			sourceTree = "<group>";
		};
		42B23A9E24DC18B700578ED5 /* Stub */ = {
			isa = PBXGroup;
			children = (
				42B23A9F24DC18B700578ED5 /* AuthorStub.swift */,
				42B23AA024DC18B700578ED5 /* ModulesStub.swift */,
			);
			path = Stub;
			sourceTree = "<group>";
		};
		42B23AA324DC18B700578ED5 /* Preview Content */ = {
			isa = PBXGroup;
			children = (
				42B23AA424DC18B700578ED5 /* Preview Assets.xcassets */,
			);
			path = "Preview Content";
			sourceTree = "<group>";
		};
		42B23ADD24DC18B700578ED5 /* Components */ = {
			isa = PBXGroup;
			children = (
				42B23ADE24DC18B700578ED5 /* Underline.swift */,
				42B23ADF24DC18B700578ED5 /* Picture */,
				42B23AE124DC18B700578ED5 /* Button */,
				42B23AE424DC18B700578ED5 /* Profile */,
				42B23AE624DC18B700578ED5 /* BrowseViewComponent */,
				42B23AF124DC18B700578ED5 /* ModuleEmptyState.swift */,
				42B23AF224DC18B700578ED5 /* Text */,
				42B23AF624DC18B700578ED5 /* Modal */,
			);
			path = Components;
			sourceTree = "<group>";
		};
		42B23ADF24DC18B700578ED5 /* Picture */ = {
			isa = PBXGroup;
			children = (
				42B23AE024DC18B700578ED5 /* ProfilePicture.swift */,
			);
			path = Picture;
			sourceTree = "<group>";
		};
		42B23AE124DC18B700578ED5 /* Button */ = {
			isa = PBXGroup;
			children = (
				42B23AE224DC18B700578ED5 /* BackButton.swift */,
				42B23AE324DC18B700578ED5 /* ApplicationActionButton.swift */,
			);
			path = Button;
			sourceTree = "<group>";
		};
		42B23AE424DC18B700578ED5 /* Profile */ = {
			isa = PBXGroup;
			children = (
				42B23AE524DC18B700578ED5 /* ProfileSection.swift */,
			);
			path = Profile;
			sourceTree = "<group>";
		};
		42B23AE624DC18B700578ED5 /* BrowseViewComponent */ = {
			isa = PBXGroup;
			children = (
				42B23AE724DC18B700578ED5 /* HeaderName.swift */,
				42B23AE824DC18B700578ED5 /* CategoryIcon.swift */,
				42B23AE924DC18B700578ED5 /* searchBar.swift */,
				42B23AEA24DC18B700578ED5 /* PopularCarousel.swift */,
				42B23AEB24DC18B700578ED5 /* TestingCard.swift */,
				42B23AEC24DC18B700578ED5 /* ListOfModules.swift */,
				42B23AED24DC18B700578ED5 /* ModuleGenreCard.swift */,
				42B23AEE24DC18B700578ED5 /* RecentCarousel.swift */,
				42B23AEF24DC18B700578ED5 /* ModuleListScroll.swift */,
				42B23AF024DC18B700578ED5 /* GenreSection.swift */,
			);
			path = BrowseViewComponent;
			sourceTree = "<group>";
		};
		42B23AF224DC18B700578ED5 /* Text */ = {
			isa = PBXGroup;
			children = (
				42B23AF324DC18B700578ED5 /* ContentText.swift */,
				42B23AF424DC18B700578ED5 /* TimeText.swift */,
				42B23AF524DC18B700578ED5 /* TitleText.swift */,
			);
			path = Text;
			sourceTree = "<group>";
		};
		42B23AF624DC18B700578ED5 /* Modal */ = {
			isa = PBXGroup;
			children = (
				42B23AF724DC18B700578ED5 /* FavouriteBase.swift */,
				42B23AF824DC18B700578ED5 /* ModalCard.swift */,
				42B23AF924DC18B700578ED5 /* NavigationModalTemplate.swift */,
				42B23AFA24DC18B700578ED5 /* ModalHeading.swift */,
				42B23AFB24DC18B700578ED5 /* BrowseBase.swift */,
			);
			path = Modal;
			sourceTree = "<group>";
		};
		42B23AFD24DC18B700578ED5 /* Model */ = {
			isa = PBXGroup;
			children = (
				42B23AFE24DC18B700578ED5 /* Impl */,
				42B23B0D24DC18B700578ED5 /* Model.swift */,
				42B23B0E24DC18B700578ED5 /* AuthorModel.swift */,
				42B23B0F24DC18B700578ED5 /* ModuleModel.swift */,
			);
			path = Model;
			sourceTree = "<group>";
		};
		42B23AFE24DC18B700578ED5 /* Impl */ = {
			isa = PBXGroup;
			children = (
				42B23AFF24DC18B700578ED5 /* Encounter Sub */,
				42B23B0824DC18B700578ED5 /* ModuleContent.swift */,
				42B23B0924DC18B700578ED5 /* Overview.swift */,
				42B23B0A24DC18B700578ED5 /* EnvironmentModel.swift */,
				42B23B0B24DC18B700578ED5 /* Encounter.swift */,
				42B23B0C24DC18B700578ED5 /* MainNotes.swift */,
			);
			path = Impl;
			sourceTree = "<group>";
		};
		42B23AFF24DC18B700578ED5 /* Encounter Sub */ = {
			isa = PBXGroup;
			children = (
				42B23B0024DC18B700578ED5 /* Monster.swift */,
				42B23B0124DC18B700578ED5 /* Treasure.swift */,
				42B23B0224DC18B700578ED5 /* ReadAloudText.swift */,
				42B23B0324DC18B700578ED5 /* Trap.swift */,
				42B23B0424DC18B700578ED5 /* Notes.swift */,
				42B23B0524DC18B700578ED5 /* Maps.swift */,
				42B23B0624DC18B700578ED5 /* NPC.swift */,
				42B23B0724DC18B700578ED5 /* POI.swift */,
			);
			path = "Encounter Sub";
			sourceTree = "<group>";
		};
		42B23B1024DC18B700578ED5 /* StoryBoardImpl */ = {
			isa = PBXGroup;
			children = (
				42B23B1124DC18B700578ED5 /* LoginPage.swift */,
			);
			path = StoryBoardImpl;
			sourceTree = "<group>";
		};
		42B23B1524DC18B700578ED5 /* StoryBoardFiles */ = {
			isa = PBXGroup;
			children = (
				42B23B1624DC18B700578ED5 /* Register.storyboard */,
				42B23B1724DC18B700578ED5 /* Login.storyboard */,
				42B23B1824DC18B700578ED5 /* loginViewController.swift */,
				42B23B1924DC18B700578ED5 /* TextFieldCustom.swift */,
				42B23B1A24DC18B700578ED5 /* registerViewController.swift */,
			);
			path = StoryBoardFiles;
			sourceTree = "<group>";
		};
		42B23BA824DC26A400578ED5 /* Module */ = {
			isa = PBXGroup;
			children = (
				42B5312424DCC6C6002C7F46 /* AddModule */,
				42B23BA924DC26B100578ED5 /* AddModule.swift */,
			);
			path = Module;
			sourceTree = "<group>";
		};
		42B5312424DCC6C6002C7F46 /* AddModule */ = {
			isa = PBXGroup;
			children = (
				42B5312524DCC6E6002C7F46 /* AddModuleVM.swift */,
			);
			path = AddModule;
			sourceTree = "<group>";
		};
		42E54FF324DB1600008D0E0B /* Frameworks */ = {
			isa = PBXGroup;
			children = (
				42E54FF424DB1600008D0E0B /* CloudKit.framework */,
			);
			name = Frameworks;
			sourceTree = "<group>";
		};
		BCB36ACA24D01FB70088321A = {
			isa = PBXGroup;
			children = (
				42B23A6D24DC18B700578ED5 /* MC3 */,
				BCB36AD424D01FB70088321A /* Products */,
				42E54FF324DB1600008D0E0B /* Frameworks */,
				4241A6C124DD433D0004B0A5 /* Recovered References */,
			);
			sourceTree = "<group>";
		};
		BCB36AD424D01FB70088321A /* Products */ = {
			isa = PBXGroup;
			children = (
				BCB36AD324D01FB70088321A /* MC3.app */,
			);
			name = Products;
			sourceTree = "<group>";
		};
/* End PBXGroup section */

/* Begin PBXNativeTarget section */
		BCB36AD224D01FB70088321A /* MC3 */ = {
			isa = PBXNativeTarget;
			buildConfigurationList = BCB36AE724D01FB80088321A /* Build configuration list for PBXNativeTarget "MC3" */;
			buildPhases = (
				BCB36AD024D01FB70088321A /* Frameworks */,
				BCB36AD124D01FB70088321A /* Resources */,
				426B358F24DD4DD700F7CC4A /* Sources */,
			);
			buildRules = (
			);
			dependencies = (
			);
			name = MC3;
			productName = MC3;
			productReference = BCB36AD324D01FB70088321A /* MC3.app */;
			productType = "com.apple.product-type.application";
		};
/* End PBXNativeTarget section */

/* Begin PBXProject section */
		BCB36ACB24D01FB70088321A /* Project object */ = {
			isa = PBXProject;
			attributes = {
				LastSwiftUpdateCheck = 1140;
				LastUpgradeCheck = 1140;
				ORGANIZATIONNAME = "Aghawidya Adipatria";
				TargetAttributes = {
					BCB36AD224D01FB70088321A = {
						CreatedOnToolsVersion = 11.4;
					};
				};
			};
			buildConfigurationList = BCB36ACE24D01FB70088321A /* Build configuration list for PBXProject "MC3" */;
			compatibilityVersion = "Xcode 9.3";
			developmentRegion = en;
			hasScannedForEncodings = 0;
			knownRegions = (
				en,
				Base,
			);
			mainGroup = BCB36ACA24D01FB70088321A;
			productRefGroup = BCB36AD424D01FB70088321A /* Products */;
			projectDirPath = "";
			projectRoot = "";
			targets = (
				BCB36AD224D01FB70088321A /* MC3 */,
			);
		};
/* End PBXProject section */

/* Begin PBXResourcesBuildPhase section */
		BCB36AD124D01FB70088321A /* Resources */ = {
			isa = PBXResourcesBuildPhase;
			buildActionMask = 2147483647;
			files = (
				42B23B4824DC18B800578ED5 /* LaunchScreen.storyboard in Resources */,
				42B23B4724DC18B800578ED5 /* Preview Assets.xcassets in Resources */,
				42B23B3E24DC18B800578ED5 /* Assets.xcassets in Resources */,
				42B23BA224DC18B800578ED5 /* Login.storyboard in Resources */,
				42B23BA124DC18B800578ED5 /* Register.storyboard in Resources */,
			);
			runOnlyForDeploymentPostprocessing = 0;
		};
/* End PBXResourcesBuildPhase section */

/* Begin PBXSourcesBuildPhase section */
		426B358F24DD4DD700F7CC4A /* Sources */ = {
			isa = PBXSourcesBuildPhase;
			buildActionMask = 2147483647;
			files = (
				426B366024DD504D00F7CC4A /* ProfilePicture.swift in Sources */,
				426B365F24DD504100F7CC4A /* Underline.swift in Sources */,
				426B35F424DD4EEB00F7CC4A /* BackButton.swift in Sources */,
				426B359224DD4E6700F7CC4A /* Color Presets.swift in Sources */,
				426B35FA24DD4F5B00F7CC4A /* OverviewDetail.swift in Sources */,
				426B363724DD4FA200F7CC4A /* EncounterEnvironmentEdit.swift in Sources */,
				426B359324DD4E6700F7CC4A /* AddModuleVM.swift in Sources */,
				426B359424DD4E6700F7CC4A /* AddModule.swift in Sources */,
				426B359524DD4E6700F7CC4A /* SearchModuleView.swift in Sources */,
				426B359624DD4E6700F7CC4A /* BrowseByGenre.swift in Sources */,
				426B359724DD4E6700F7CC4A /* FeedBackPage.swift in Sources */,
				426B359824DD4E6700F7CC4A /* SocialMediaPage.swift in Sources */,
				426B359924DD4E6700F7CC4A /* ProfileCardPage.swift in Sources */,
				426B359A24DD4E6700F7CC4A /* ProfilePage.swift in Sources */,
				426B35FC24DD4F5B00F7CC4A /* OverviewEdit.swift in Sources */,
				426B359B24DD4E6700F7CC4A /* ChangePasswordPage.swift in Sources */,
				426B365524DD4FA200F7CC4A /* EncounterExpanded.swift in Sources */,
				426B359C24DD4E6700F7CC4A /* EditProfilePage.swift in Sources */,
				426B364224DD4FA200F7CC4A /* EncounterTreasureEdit.swift in Sources */,
				426B365024DD4FA200F7CC4A /* EncounterMapsEdit.swift in Sources */,
				426B359D24DD4E6700F7CC4A /* MyModuleView.swift in Sources */,
				426B364624DD4FA200F7CC4A /* EncounterRATEdit.swift in Sources */,
				426B359E24DD4E6700F7CC4A /* BrowseView.swift in Sources */,
				426B364924DD4FA200F7CC4A /* EncounterTrapsDetail.swift in Sources */,
				426B364C24DD4FA200F7CC4A /* EncounterHeader.swift in Sources */,
				426B363824DD4FA200F7CC4A /* EnvironmentOverviewCard.swift in Sources */,
				426B359F24DD4E6700F7CC4A /* SavedModuleView.swift in Sources */,
				426B35A024DD4E6700F7CC4A /* MainView.swift in Sources */,
				426B365C24DD4FA200F7CC4A /* EncounterPOIList.swift in Sources */,
				BCD02F2524E02F0D00559238 /* UIImagePickerEmbed.swift in Sources */,
				426B35A124DD4E6700F7CC4A /* ContentView.swift in Sources */,
				426B35A224DD4E6700F7CC4A /* OverviewMain.swift in Sources */,
				426B35A324DD4E6700F7CC4A /* NotesMain.swift in Sources */,
				426B35A424DD4E6700F7CC4A /* DMScreenMain.swift in Sources */,
				426B35A524DD4E6700F7CC4A /* ModuleMain.swift in Sources */,
				426B35A624DD4E6700F7CC4A /* ModuleHeader.swift in Sources */,
				426B365824DD4FA200F7CC4A /* EncounterMonstersDetail.swift in Sources */,
				426B35A724DD4E6700F7CC4A /* ModuleSegment.swift in Sources */,
				426B365B24DD4FA200F7CC4A /* EncounterPOIEdit.swift in Sources */,
				426B35A824DD4E6700F7CC4A /* EncounterMain.swift in Sources */,
				426B365724DD4FA200F7CC4A /* EncounterMonstersEdit.swift in Sources */,
				426B35A924DD4E6700F7CC4A /* PageTransitionModifier.swift in Sources */,
				426B363B24DD4FA200F7CC4A /* EncounterNotesEdit.swift in Sources */,
				426B35AA24DD4E6700F7CC4A /* DropdownPickerExample.swift in Sources */,
				426B363A24DD4FA200F7CC4A /* EncounterNotesDetail.swift in Sources */,
				426B35AB24DD4E6700F7CC4A /* ImagePickerEmbedExample.swift in Sources */,
				426B35AC24DD4E6700F7CC4A /* OverviewCard.swift in Sources */,
				426B363F24DD4FA200F7CC4A /* TreasureEditForms.swift in Sources */,
				426B35AD24DD4E6700F7CC4A /* UploadImageButton.swift in Sources */,
				426B35AE24DD4E6700F7CC4A /* EditorButtons.swift in Sources */,
				426B35AF24DD4E6700F7CC4A /* MultilineTextField.swift in Sources */,
				426B35B024DD4E6700F7CC4A /* DropdownPicker.swift in Sources */,
				426B35B124DD4E6700F7CC4A /* BackgroundCard.swift in Sources */,
				426B35B224DD4E6700F7CC4A /* ImagePickerEmbed.swift in Sources */,
				426B35B324DD4E6700F7CC4A /* DetailCard.swift in Sources */,
				426B35B424DD4E6700F7CC4A /* ContentCard.swift in Sources */,
				426B364B24DD4FA200F7CC4A /* EncounterTrapsEdit.swift in Sources */,
				426B35B524DD4E6700F7CC4A /* Editor.swift in Sources */,
				426B35B624DD4E6700F7CC4A /* PictureContentCard.swift in Sources */,
				426B363E24DD4FA200F7CC4A /* EncounterTreasure.swift in Sources */,
				426B35B824DD4E6700F7CC4A /* ModuleRepository.swift in Sources */,
				426B365924DD4FA200F7CC4A /* EncounterMonstersList.swift in Sources */,
				426B35B924DD4E6700F7CC4A /* AuthorRepository.swift in Sources */,
				426B35BA24DD4E6700F7CC4A /* ExampleUI.swift in Sources */,
				426B363C24DD4FA200F7CC4A /* EncounterNotes.swift in Sources */,
				426B363424DD4FA200F7CC4A /* EnvironmentDetailCard.swift in Sources */,
				426B35BB24DD4E6700F7CC4A /* File.swift in Sources */,
				426B35BC24DD4E6700F7CC4A /* AuthorStub.swift in Sources */,
				426B363D24DD4FA200F7CC4A /* EncounterTreasureDetail.swift in Sources */,
				426B364824DD4FA200F7CC4A /* EncounterTrapsList.swift in Sources */,
				426B35BD24DD4E6700F7CC4A /* ModulesStub.swift in Sources */,
				426B35BE24DD4E6700F7CC4A /* AppsTime.swift in Sources */,
				426B35BF24DD4E6700F7CC4A /* DataCenter.swift in Sources */,
				426B364F24DD4FA200F7CC4A /* EncounterMapsDetail.swift in Sources */,
				426B365D24DD4FA200F7CC4A /* EncounterPOIDetail.swift in Sources */,
				426B35C524DD4E6700F7CC4A /* ApplicationActionButton.swift in Sources */,
				426B35C624DD4E6700F7CC4A /* ProfileSection.swift in Sources */,
				426B35C724DD4E6700F7CC4A /* HeaderName.swift in Sources */,
				426B35C824DD4E6700F7CC4A /* CategoryIcon.swift in Sources */,
				426B35C924DD4E6700F7CC4A /* searchBar.swift in Sources */,
				426B35CA24DD4E6700F7CC4A /* PopularCarousel.swift in Sources */,
				426B35CB24DD4E6700F7CC4A /* TestingCard.swift in Sources */,
				426B364124DD4FA200F7CC4A /* EncounterTreasureList.swift in Sources */,
				426B35CC24DD4E6700F7CC4A /* ListOfModules.swift in Sources */,
				426B365624DD4FA200F7CC4A /* EncounterMonsters.swift in Sources */,
				426B363624DD4FA200F7CC4A /* EncounterEnvironment.swift in Sources */,
				426B35CD24DD4E6700F7CC4A /* ModuleGenreCard.swift in Sources */,
				426B365E24DD4FA200F7CC4A /* EncounterPOI.swift in Sources */,
				426B363924DD4FA200F7CC4A /* EncounterEnvironmentList.swift in Sources */,
				426B35CE24DD4E6700F7CC4A /* RecentCarousel.swift in Sources */,
				426B35CF24DD4E6700F7CC4A /* ModuleListScroll.swift in Sources */,
				426B35D024DD4E6700F7CC4A /* GenreSection.swift in Sources */,
				426B35D124DD4E6700F7CC4A /* ModuleEmptyState.swift in Sources */,
				426B35D224DD4E6700F7CC4A /* ContentText.swift in Sources */,
				426B365A24DD4FA200F7CC4A /* EncounterEdit.swift in Sources */,
				426B35D324DD4E6700F7CC4A /* TimeText.swift in Sources */,
				426B35D424DD4E6700F7CC4A /* TitleText.swift in Sources */,
				426B35D524DD4E6700F7CC4A /* FavouriteBase.swift in Sources */,
				426B365124DD4FA200F7CC4A /* EncounterNPCList.swift in Sources */,
				426B364524DD4FA200F7CC4A /* EncounterRATDetail.swift in Sources */,
				426B35D624DD4E6700F7CC4A /* ModalCard.swift in Sources */,
				426B35D724DD4E6700F7CC4A /* NavigationModalTemplate.swift in Sources */,
				426B35D824DD4E6700F7CC4A /* ModalHeading.swift in Sources */,
				426B365324DD4FA200F7CC4A /* EncounterNPCDetail.swift in Sources */,
				426B35D924DD4E6700F7CC4A /* BrowseBase.swift in Sources */,
				426B364724DD4FA200F7CC4A /* EncounterTraps.swift in Sources */,
				426B35DB24DD4E6700F7CC4A /* Monster.swift in Sources */,
				426B35DC24DD4E6700F7CC4A /* Treasure.swift in Sources */,
				426B35DD24DD4E6700F7CC4A /* ReadAloudText.swift in Sources */,
				426B35DE24DD4E6700F7CC4A /* Trap.swift in Sources */,
				426B35DF24DD4E6700F7CC4A /* Notes.swift in Sources */,
				426B364324DD4FA200F7CC4A /* EncounterRAT.swift in Sources */,
				426B35F924DD4F5B00F7CC4A /* NotesDetail.swift in Sources */,
				426B35E024DD4E6700F7CC4A /* Maps.swift in Sources */,
				426B364A24DD4FA200F7CC4A /* TrapContentCard.swift in Sources */,
				426B35E124DD4E6700F7CC4A /* NPC.swift in Sources */,
				426B35E224DD4E6700F7CC4A /* POI.swift in Sources */,
				426B35E324DD4E6700F7CC4A /* ModuleContent.swift in Sources */,
				426B364024DD4FA200F7CC4A /* TreasureDetailCard.swift in Sources */,
				426B364424DD4FA200F7CC4A /* EncounterRATList.swift in Sources */,
				426B35E424DD4E6700F7CC4A /* Overview.swift in Sources */,
				426B35FB24DD4F5B00F7CC4A /* NotesEdit.swift in Sources */,
				426B35E524DD4E6700F7CC4A /* EnvironmentModel.swift in Sources */,
				426B35E624DD4E6700F7CC4A /* Encounter.swift in Sources */,
				426B364E24DD4FA200F7CC4A /* EncounterMapsList.swift in Sources */,
				426B35E724DD4E6700F7CC4A /* MainNotes.swift in Sources */,
				426B35E824DD4E6700F7CC4A /* Model.swift in Sources */,
				426B35E924DD4E6700F7CC4A /* AuthorModel.swift in Sources */,
				426B35EA24DD4E6700F7CC4A /* ModuleModel.swift in Sources */,
				426B363324DD4FA200F7CC4A /* EncounterSectionCard.swift in Sources */,
				426B35EB24DD4E6800F7CC4A /* LoginPage.swift in Sources */,
				426B35EC24DD4E6800F7CC4A /* ModuleInfo.swift in Sources */,
				426B364D24DD4FA200F7CC4A /* EncounterMaps.swift in Sources */,
				426B35ED24DD4E6800F7CC4A /* HostingController.swift in Sources */,
				426B35F024DD4E6800F7CC4A /* loginViewController.swift in Sources */,
				426B35F124DD4E6800F7CC4A /* TextFieldCustom.swift in Sources */,
				426B365424DD4FA200F7CC4A /* EncounterNPC.swift in Sources */,
				426B35F224DD4E6800F7CC4A /* registerViewController.swift in Sources */,
				426B359124DD4E3E00F7CC4A /* SceneDelegate.swift in Sources */,
				426B363524DD4FA200F7CC4A /* EncounterEnvironmentDetail.swift in Sources */,
				426B359024DD4DF200F7CC4A /* AppDelegate.swift in Sources */,
				426B365224DD4FA200F7CC4A /* EncounterNPCEdit.swift in Sources */,
			);
			runOnlyForDeploymentPostprocessing = 0;
		};
/* End PBXSourcesBuildPhase section */

/* Begin PBXVariantGroup section */
		42B23AA524DC18B700578ED5 /* LaunchScreen.storyboard */ = {
			isa = PBXVariantGroup;
			children = (
				42B23AA624DC18B700578ED5 /* Base */,
			);
			name = LaunchScreen.storyboard;
			sourceTree = "<group>";
		};
/* End PBXVariantGroup section */

/* Begin XCBuildConfiguration section */
		BCB36AE524D01FB80088321A /* Debug */ = {
			isa = XCBuildConfiguration;
			buildSettings = {
				ALWAYS_SEARCH_USER_PATHS = NO;
				CLANG_ANALYZER_NONNULL = YES;
				CLANG_ANALYZER_NUMBER_OBJECT_CONVERSION = YES_AGGRESSIVE;
				CLANG_CXX_LANGUAGE_STANDARD = "gnu++14";
				CLANG_CXX_LIBRARY = "libc++";
				CLANG_ENABLE_MODULES = YES;
				CLANG_ENABLE_OBJC_ARC = YES;
				CLANG_ENABLE_OBJC_WEAK = YES;
				CLANG_WARN_BLOCK_CAPTURE_AUTORELEASING = YES;
				CLANG_WARN_BOOL_CONVERSION = YES;
				CLANG_WARN_COMMA = YES;
				CLANG_WARN_CONSTANT_CONVERSION = YES;
				CLANG_WARN_DEPRECATED_OBJC_IMPLEMENTATIONS = YES;
				CLANG_WARN_DIRECT_OBJC_ISA_USAGE = YES_ERROR;
				CLANG_WARN_DOCUMENTATION_COMMENTS = YES;
				CLANG_WARN_EMPTY_BODY = YES;
				CLANG_WARN_ENUM_CONVERSION = YES;
				CLANG_WARN_INFINITE_RECURSION = YES;
				CLANG_WARN_INT_CONVERSION = YES;
				CLANG_WARN_NON_LITERAL_NULL_CONVERSION = YES;
				CLANG_WARN_OBJC_IMPLICIT_RETAIN_SELF = YES;
				CLANG_WARN_OBJC_LITERAL_CONVERSION = YES;
				CLANG_WARN_OBJC_ROOT_CLASS = YES_ERROR;
				CLANG_WARN_RANGE_LOOP_ANALYSIS = YES;
				CLANG_WARN_STRICT_PROTOTYPES = YES;
				CLANG_WARN_SUSPICIOUS_MOVE = YES;
				CLANG_WARN_UNGUARDED_AVAILABILITY = YES_AGGRESSIVE;
				CLANG_WARN_UNREACHABLE_CODE = YES;
				CLANG_WARN__DUPLICATE_METHOD_MATCH = YES;
				COPY_PHASE_STRIP = NO;
				DEBUG_INFORMATION_FORMAT = dwarf;
				ENABLE_STRICT_OBJC_MSGSEND = YES;
				ENABLE_TESTABILITY = YES;
				GCC_C_LANGUAGE_STANDARD = gnu11;
				GCC_DYNAMIC_NO_PIC = NO;
				GCC_NO_COMMON_BLOCKS = YES;
				GCC_OPTIMIZATION_LEVEL = 0;
				GCC_PREPROCESSOR_DEFINITIONS = (
					"DEBUG=1",
					"$(inherited)",
				);
				GCC_WARN_64_TO_32_BIT_CONVERSION = YES;
				GCC_WARN_ABOUT_RETURN_TYPE = YES_ERROR;
				GCC_WARN_UNDECLARED_SELECTOR = YES;
				GCC_WARN_UNINITIALIZED_AUTOS = YES_AGGRESSIVE;
				GCC_WARN_UNUSED_FUNCTION = YES;
				GCC_WARN_UNUSED_VARIABLE = YES;
				IPHONEOS_DEPLOYMENT_TARGET = 13.4;
				MTL_ENABLE_DEBUG_INFO = INCLUDE_SOURCE;
				MTL_FAST_MATH = YES;
				ONLY_ACTIVE_ARCH = YES;
				SDKROOT = iphoneos;
				SWIFT_ACTIVE_COMPILATION_CONDITIONS = DEBUG;
				SWIFT_OPTIMIZATION_LEVEL = "-Onone";
			};
			name = Debug;
		};
		BCB36AE624D01FB80088321A /* Release */ = {
			isa = XCBuildConfiguration;
			buildSettings = {
				ALWAYS_SEARCH_USER_PATHS = NO;
				CLANG_ANALYZER_NONNULL = YES;
				CLANG_ANALYZER_NUMBER_OBJECT_CONVERSION = YES_AGGRESSIVE;
				CLANG_CXX_LANGUAGE_STANDARD = "gnu++14";
				CLANG_CXX_LIBRARY = "libc++";
				CLANG_ENABLE_MODULES = YES;
				CLANG_ENABLE_OBJC_ARC = YES;
				CLANG_ENABLE_OBJC_WEAK = YES;
				CLANG_WARN_BLOCK_CAPTURE_AUTORELEASING = YES;
				CLANG_WARN_BOOL_CONVERSION = YES;
				CLANG_WARN_COMMA = YES;
				CLANG_WARN_CONSTANT_CONVERSION = YES;
				CLANG_WARN_DEPRECATED_OBJC_IMPLEMENTATIONS = YES;
				CLANG_WARN_DIRECT_OBJC_ISA_USAGE = YES_ERROR;
				CLANG_WARN_DOCUMENTATION_COMMENTS = YES;
				CLANG_WARN_EMPTY_BODY = YES;
				CLANG_WARN_ENUM_CONVERSION = YES;
				CLANG_WARN_INFINITE_RECURSION = YES;
				CLANG_WARN_INT_CONVERSION = YES;
				CLANG_WARN_NON_LITERAL_NULL_CONVERSION = YES;
				CLANG_WARN_OBJC_IMPLICIT_RETAIN_SELF = YES;
				CLANG_WARN_OBJC_LITERAL_CONVERSION = YES;
				CLANG_WARN_OBJC_ROOT_CLASS = YES_ERROR;
				CLANG_WARN_RANGE_LOOP_ANALYSIS = YES;
				CLANG_WARN_STRICT_PROTOTYPES = YES;
				CLANG_WARN_SUSPICIOUS_MOVE = YES;
				CLANG_WARN_UNGUARDED_AVAILABILITY = YES_AGGRESSIVE;
				CLANG_WARN_UNREACHABLE_CODE = YES;
				CLANG_WARN__DUPLICATE_METHOD_MATCH = YES;
				COPY_PHASE_STRIP = NO;
				DEBUG_INFORMATION_FORMAT = "dwarf-with-dsym";
				ENABLE_NS_ASSERTIONS = NO;
				ENABLE_STRICT_OBJC_MSGSEND = YES;
				GCC_C_LANGUAGE_STANDARD = gnu11;
				GCC_NO_COMMON_BLOCKS = YES;
				GCC_WARN_64_TO_32_BIT_CONVERSION = YES;
				GCC_WARN_ABOUT_RETURN_TYPE = YES_ERROR;
				GCC_WARN_UNDECLARED_SELECTOR = YES;
				GCC_WARN_UNINITIALIZED_AUTOS = YES_AGGRESSIVE;
				GCC_WARN_UNUSED_FUNCTION = YES;
				GCC_WARN_UNUSED_VARIABLE = YES;
				IPHONEOS_DEPLOYMENT_TARGET = 13.4;
				MTL_ENABLE_DEBUG_INFO = NO;
				MTL_FAST_MATH = YES;
				SDKROOT = iphoneos;
				SWIFT_COMPILATION_MODE = wholemodule;
				SWIFT_OPTIMIZATION_LEVEL = "-O";
				VALIDATE_PRODUCT = YES;
			};
			name = Release;
		};
		BCB36AE824D01FB80088321A /* Debug */ = {
			isa = XCBuildConfiguration;
			buildSettings = {
				ASSETCATALOG_COMPILER_APPICON_NAME = AppIcon;
				CODE_SIGN_ENTITLEMENTS = MC3/MC3.entitlements;
				CODE_SIGN_STYLE = Automatic;
				DEVELOPMENT_ASSET_PATHS = "\"MC3/Preview Content\"";
				DEVELOPMENT_TEAM = 87WHDY7XDH;
				ENABLE_PREVIEWS = YES;
				INFOPLIST_FILE = MC3/Info.plist;
				LD_RUNPATH_SEARCH_PATHS = (
					"$(inherited)",
					"@executable_path/Frameworks",
				);
				PRODUCT_BUNDLE_IDENTIFIER = com.aadipatria.peter1234.MC3;
				PRODUCT_NAME = "$(TARGET_NAME)";
				SWIFT_VERSION = 5.0;
				TARGETED_DEVICE_FAMILY = "1,2";
			};
			name = Debug;
		};
		BCB36AE924D01FB80088321A /* Release */ = {
			isa = XCBuildConfiguration;
			buildSettings = {
				ASSETCATALOG_COMPILER_APPICON_NAME = AppIcon;
				CODE_SIGN_ENTITLEMENTS = MC3/MC3.entitlements;
				CODE_SIGN_STYLE = Automatic;
				DEVELOPMENT_ASSET_PATHS = "\"MC3/Preview Content\"";
				DEVELOPMENT_TEAM = 87WHDY7XDH;
				ENABLE_PREVIEWS = YES;
				INFOPLIST_FILE = MC3/Info.plist;
				LD_RUNPATH_SEARCH_PATHS = (
					"$(inherited)",
					"@executable_path/Frameworks",
				);
				PRODUCT_BUNDLE_IDENTIFIER = com.aadipatria.peter1234.MC3;
				PRODUCT_NAME = "$(TARGET_NAME)";
				SWIFT_VERSION = 5.0;
				TARGETED_DEVICE_FAMILY = "1,2";
			};
			name = Release;
		};
/* End XCBuildConfiguration section */

/* Begin XCConfigurationList section */
		BCB36ACE24D01FB70088321A /* Build configuration list for PBXProject "MC3" */ = {
			isa = XCConfigurationList;
			buildConfigurations = (
				BCB36AE524D01FB80088321A /* Debug */,
				BCB36AE624D01FB80088321A /* Release */,
			);
			defaultConfigurationIsVisible = 0;
			defaultConfigurationName = Release;
		};
		BCB36AE724D01FB80088321A /* Build configuration list for PBXNativeTarget "MC3" */ = {
			isa = XCConfigurationList;
			buildConfigurations = (
				BCB36AE824D01FB80088321A /* Debug */,
				BCB36AE924D01FB80088321A /* Release */,
			);
			defaultConfigurationIsVisible = 0;
			defaultConfigurationName = Release;
		};
/* End XCConfigurationList section */
	};
	rootObject = BCB36ACB24D01FB70088321A /* Project object */;
}
